
Microsoft Visual Studio Solution File, Format Version 12.00
# Visual Studio 14
VisualStudioVersion = 14.0.25420.1
MinimumVisualStudioVersion = 10.0.40219.1
Project("{2150E333-8FDC-42A3-9474-1A3956D46DE8}") = "src", "src", "{50AD54AC-F186-4287-9E27-C5C221BA60C4}"
EndProject
Project("{2150E333-8FDC-42A3-9474-1A3956D46DE8}") = "Solution Items", "Solution Items", "{C64C1498-66DB-482E-A2D6-4188E7D0B530}"
	ProjectSection(SolutionItems) = preProject
		global.json = global.json
	EndProjectSection
EndProject
Project("{8BB2217D-0F2D-49D1-97BC-3654ED321F3B}") = "Plato", "src\Plato\Plato.xproj", "{1CFC5674-32C1-4401-9406-58EC65ADB07F}"
EndProject
Project("{8BB2217D-0F2D-49D1-97BC-3654ED321F3B}") = "Plato.Hosting.Web", "src\Plato.Hosting.Web\Plato.Hosting.Web.xproj", "{A4F70444-6241-4649-9C38-73E8CB6AD97F}"
EndProject
Project("{2150E333-8FDC-42A3-9474-1A3956D46DE8}") = "Modules", "Modules", "{D358F128-F8E0-4008-8615-85F0F7021F8F}"
EndProject
Project("{2150E333-8FDC-42A3-9474-1A3956D46DE8}") = "Core", "Core", "{BA04FA36-9601-4A2B-9678-B22C17D513FD}"
EndProject
Project("{8BB2217D-0F2D-49D1-97BC-3654ED321F3B}") = "Plato.Environment.Modules", "src\Plato.Environment.Modules\Plato.Environment.Modules.xproj", "{41F1BAFE-E4C3-4A27-9D06-8DE828E0C371}"
EndProject
Project("{8BB2217D-0F2D-49D1-97BC-3654ED321F3B}") = "Plato.FileSystem", "src\Plato.FileSystem\Plato.FileSystem.xproj", "{07238D94-CA97-41D1-91D3-A180B5B97958}"
EndProject
Project("{8BB2217D-0F2D-49D1-97BC-3654ED321F3B}") = "Plato.Abstractions", "src\Plato.Abstractions\Plato.Abstractions.xproj", "{AD0019FB-463E-4DCC-BB31-5EAD86B0B507}"
EndProject
Project("{2150E333-8FDC-42A3-9474-1A3956D46DE8}") = "Client", "Client", "{1D6B1202-2498-4A69-9F42-EA74F177E779}"
EndProject
Project("{8BB2217D-0F2D-49D1-97BC-3654ED321F3B}") = "Plato.Environment.Shell", "src\Plato.Environment.Shell\Plato.Environment.Shell.xproj", "{2D240FAD-9E4D-4A64-B50E-E6AA1950E3C3}"
EndProject
Project("{8BB2217D-0F2D-49D1-97BC-3654ED321F3B}") = "Plato.Hosting", "src\Plato.Hosting\Plato.Hosting.xproj", "{8E1249C4-55FF-40E2-999A-7A2E876F66B3}"
EndProject
Project("{8BB2217D-0F2D-49D1-97BC-3654ED321F3B}") = "Plato.Localization", "src\Plato.Localization\Plato.Localization.xproj", "{C4EAE744-A180-4C22-9A19-ECCC90FCEBFC}"
EndProject
Project("{8BB2217D-0F2D-49D1-97BC-3654ED321F3B}") = "Plato.Data", "src\Plato.Data\Plato.Data.xproj", "{B2C484E3-1632-4142-85D6-809D31D0FC08}"
EndProject
Project("{8BB2217D-0F2D-49D1-97BC-3654ED321F3B}") = "Plato.Repositories", "src\Plato.Repositories\Plato.Repositories.xproj", "{41E99397-2405-4C24-A59C-E9BED19D343E}"
EndProject
Project("{8BB2217D-0F2D-49D1-97BC-3654ED321F3B}") = "Plato.Models", "src\Plato.Models\Plato.Models.xproj", "{A1E54713-0DF2-40CF-9F41-689A18C72B84}"
EndProject
Project("{8BB2217D-0F2D-49D1-97BC-3654ED321F3B}") = "Plato.Modules.ContentArea", "src\Plato\Modules\Plato.Modules.ContentArea\Plato.Modules.ContentArea.xproj", "{5A0E1C8E-2B3C-47D2-A3B0-E1A7C10E6F33}"
EndProject
Project("{8BB2217D-0F2D-49D1-97BC-3654ED321F3B}") = "Plato.Modules.Template", "src\Plato\Modules\Plato.Modules.Template\Plato.Modules.Template.xproj", "{9790A1F8-01A1-4F90-9C2A-26E60A93A447}"
EndProject
Project("{8BB2217D-0F2D-49D1-97BC-3654ED321F3B}") = "Plato.Modules.Login", "src\Plato\Modules\Plato.Modules.Login\Plato.Modules.Login.xproj", "{E22527A8-49E0-4C0A-A2F4-B01D699AD52B}"
EndProject
Project("{8BB2217D-0F2D-49D1-97BC-3654ED321F3B}") = "Plato.Layout", "src\Plato.Layout\Plato.Layout.xproj", "{04A486C5-F56B-49F1-B599-A946168DE2B9}"
EndProject
Global
	GlobalSection(SolutionConfigurationPlatforms) = preSolution
		Debug|Any CPU = Debug|Any CPU
		Release|Any CPU = Release|Any CPU
	EndGlobalSection
	GlobalSection(ProjectConfigurationPlatforms) = postSolution
		{1CFC5674-32C1-4401-9406-58EC65ADB07F}.Debug|Any CPU.ActiveCfg = Debug|Any CPU
		{1CFC5674-32C1-4401-9406-58EC65ADB07F}.Debug|Any CPU.Build.0 = Debug|Any CPU
		{1CFC5674-32C1-4401-9406-58EC65ADB07F}.Release|Any CPU.ActiveCfg = Release|Any CPU
		{1CFC5674-32C1-4401-9406-58EC65ADB07F}.Release|Any CPU.Build.0 = Release|Any CPU
		{A4F70444-6241-4649-9C38-73E8CB6AD97F}.Debug|Any CPU.ActiveCfg = Debug|Any CPU
		{A4F70444-6241-4649-9C38-73E8CB6AD97F}.Debug|Any CPU.Build.0 = Debug|Any CPU
		{A4F70444-6241-4649-9C38-73E8CB6AD97F}.Release|Any CPU.ActiveCfg = Release|Any CPU
		{A4F70444-6241-4649-9C38-73E8CB6AD97F}.Release|Any CPU.Build.0 = Release|Any CPU
		{41F1BAFE-E4C3-4A27-9D06-8DE828E0C371}.Debug|Any CPU.ActiveCfg = Debug|Any CPU
		{41F1BAFE-E4C3-4A27-9D06-8DE828E0C371}.Debug|Any CPU.Build.0 = Debug|Any CPU
		{41F1BAFE-E4C3-4A27-9D06-8DE828E0C371}.Release|Any CPU.ActiveCfg = Release|Any CPU
		{41F1BAFE-E4C3-4A27-9D06-8DE828E0C371}.Release|Any CPU.Build.0 = Release|Any CPU
		{07238D94-CA97-41D1-91D3-A180B5B97958}.Debug|Any CPU.ActiveCfg = Debug|Any CPU
		{07238D94-CA97-41D1-91D3-A180B5B97958}.Debug|Any CPU.Build.0 = Debug|Any CPU
		{07238D94-CA97-41D1-91D3-A180B5B97958}.Release|Any CPU.ActiveCfg = Release|Any CPU
		{07238D94-CA97-41D1-91D3-A180B5B97958}.Release|Any CPU.Build.0 = Release|Any CPU
		{AD0019FB-463E-4DCC-BB31-5EAD86B0B507}.Debug|Any CPU.ActiveCfg = Debug|Any CPU
		{AD0019FB-463E-4DCC-BB31-5EAD86B0B507}.Debug|Any CPU.Build.0 = Debug|Any CPU
		{AD0019FB-463E-4DCC-BB31-5EAD86B0B507}.Release|Any CPU.ActiveCfg = Release|Any CPU
		{AD0019FB-463E-4DCC-BB31-5EAD86B0B507}.Release|Any CPU.Build.0 = Release|Any CPU
		{2D240FAD-9E4D-4A64-B50E-E6AA1950E3C3}.Debug|Any CPU.ActiveCfg = Debug|Any CPU
		{2D240FAD-9E4D-4A64-B50E-E6AA1950E3C3}.Debug|Any CPU.Build.0 = Debug|Any CPU
		{2D240FAD-9E4D-4A64-B50E-E6AA1950E3C3}.Release|Any CPU.ActiveCfg = Release|Any CPU
		{2D240FAD-9E4D-4A64-B50E-E6AA1950E3C3}.Release|Any CPU.Build.0 = Release|Any CPU
		{8E1249C4-55FF-40E2-999A-7A2E876F66B3}.Debug|Any CPU.ActiveCfg = Debug|Any CPU
		{8E1249C4-55FF-40E2-999A-7A2E876F66B3}.Debug|Any CPU.Build.0 = Debug|Any CPU
		{8E1249C4-55FF-40E2-999A-7A2E876F66B3}.Release|Any CPU.ActiveCfg = Release|Any CPU
		{8E1249C4-55FF-40E2-999A-7A2E876F66B3}.Release|Any CPU.Build.0 = Release|Any CPU
		{C4EAE744-A180-4C22-9A19-ECCC90FCEBFC}.Debug|Any CPU.ActiveCfg = Debug|Any CPU
		{C4EAE744-A180-4C22-9A19-ECCC90FCEBFC}.Debug|Any CPU.Build.0 = Debug|Any CPU
		{C4EAE744-A180-4C22-9A19-ECCC90FCEBFC}.Release|Any CPU.ActiveCfg = Release|Any CPU
		{C4EAE744-A180-4C22-9A19-ECCC90FCEBFC}.Release|Any CPU.Build.0 = Release|Any CPU
		{B2C484E3-1632-4142-85D6-809D31D0FC08}.Debug|Any CPU.ActiveCfg = Debug|Any CPU
		{B2C484E3-1632-4142-85D6-809D31D0FC08}.Debug|Any CPU.Build.0 = Debug|Any CPU
		{B2C484E3-1632-4142-85D6-809D31D0FC08}.Release|Any CPU.ActiveCfg = Release|Any CPU
		{B2C484E3-1632-4142-85D6-809D31D0FC08}.Release|Any CPU.Build.0 = Release|Any CPU
		{41E99397-2405-4C24-A59C-E9BED19D343E}.Debug|Any CPU.ActiveCfg = Debug|Any CPU
		{41E99397-2405-4C24-A59C-E9BED19D343E}.Debug|Any CPU.Build.0 = Debug|Any CPU
		{41E99397-2405-4C24-A59C-E9BED19D343E}.Release|Any CPU.ActiveCfg = Release|Any CPU
		{41E99397-2405-4C24-A59C-E9BED19D343E}.Release|Any CPU.Build.0 = Release|Any CPU
		{A1E54713-0DF2-40CF-9F41-689A18C72B84}.Debug|Any CPU.ActiveCfg = Debug|Any CPU
		{A1E54713-0DF2-40CF-9F41-689A18C72B84}.Debug|Any CPU.Build.0 = Debug|Any CPU
		{A1E54713-0DF2-40CF-9F41-689A18C72B84}.Release|Any CPU.ActiveCfg = Release|Any CPU
		{A1E54713-0DF2-40CF-9F41-689A18C72B84}.Release|Any CPU.Build.0 = Release|Any CPU
		{5A0E1C8E-2B3C-47D2-A3B0-E1A7C10E6F33}.Debug|Any CPU.ActiveCfg = Debug|Any CPU
		{5A0E1C8E-2B3C-47D2-A3B0-E1A7C10E6F33}.Debug|Any CPU.Build.0 = Debug|Any CPU
		{5A0E1C8E-2B3C-47D2-A3B0-E1A7C10E6F33}.Release|Any CPU.ActiveCfg = Release|Any CPU
		{5A0E1C8E-2B3C-47D2-A3B0-E1A7C10E6F33}.Release|Any CPU.Build.0 = Release|Any CPU
		{9790A1F8-01A1-4F90-9C2A-26E60A93A447}.Debug|Any CPU.ActiveCfg = Debug|Any CPU
		{9790A1F8-01A1-4F90-9C2A-26E60A93A447}.Debug|Any CPU.Build.0 = Debug|Any CPU
		{9790A1F8-01A1-4F90-9C2A-26E60A93A447}.Release|Any CPU.ActiveCfg = Release|Any CPU
		{9790A1F8-01A1-4F90-9C2A-26E60A93A447}.Release|Any CPU.Build.0 = Release|Any CPU
		{E22527A8-49E0-4C0A-A2F4-B01D699AD52B}.Debug|Any CPU.ActiveCfg = Debug|Any CPU
		{E22527A8-49E0-4C0A-A2F4-B01D699AD52B}.Debug|Any CPU.Build.0 = Debug|Any CPU
		{E22527A8-49E0-4C0A-A2F4-B01D699AD52B}.Release|Any CPU.ActiveCfg = Release|Any CPU
		{E22527A8-49E0-4C0A-A2F4-B01D699AD52B}.Release|Any CPU.Build.0 = Release|Any CPU
		{04A486C5-F56B-49F1-B599-A946168DE2B9}.Debug|Any CPU.ActiveCfg = Debug|Any CPU
		{04A486C5-F56B-49F1-B599-A946168DE2B9}.Debug|Any CPU.Build.0 = Debug|Any CPU
		{04A486C5-F56B-49F1-B599-A946168DE2B9}.Release|Any CPU.ActiveCfg = Release|Any CPU
		{04A486C5-F56B-49F1-B599-A946168DE2B9}.Release|Any CPU.Build.0 = Release|Any CPU
	EndGlobalSection
	GlobalSection(SolutionProperties) = preSolution
		HideSolutionNode = FALSE
	EndGlobalSection
	GlobalSection(NestedProjects) = preSolution
		{50AD54AC-F186-4287-9E27-C5C221BA60C4} = {1D6B1202-2498-4A69-9F42-EA74F177E779}
		{1CFC5674-32C1-4401-9406-58EC65ADB07F} = {50AD54AC-F186-4287-9E27-C5C221BA60C4}
		{A4F70444-6241-4649-9C38-73E8CB6AD97F} = {BA04FA36-9601-4A2B-9678-B22C17D513FD}
		{41F1BAFE-E4C3-4A27-9D06-8DE828E0C371} = {BA04FA36-9601-4A2B-9678-B22C17D513FD}
		{07238D94-CA97-41D1-91D3-A180B5B97958} = {BA04FA36-9601-4A2B-9678-B22C17D513FD}
		{AD0019FB-463E-4DCC-BB31-5EAD86B0B507} = {BA04FA36-9601-4A2B-9678-B22C17D513FD}
		{2D240FAD-9E4D-4A64-B50E-E6AA1950E3C3} = {BA04FA36-9601-4A2B-9678-B22C17D513FD}
		{8E1249C4-55FF-40E2-999A-7A2E876F66B3} = {BA04FA36-9601-4A2B-9678-B22C17D513FD}
		{C4EAE744-A180-4C22-9A19-ECCC90FCEBFC} = {BA04FA36-9601-4A2B-9678-B22C17D513FD}
		{B2C484E3-1632-4142-85D6-809D31D0FC08} = {BA04FA36-9601-4A2B-9678-B22C17D513FD}
		{41E99397-2405-4C24-A59C-E9BED19D343E} = {BA04FA36-9601-4A2B-9678-B22C17D513FD}
		{5A0E1C8E-2B3C-47D2-A3B0-E1A7C10E6F33} = {D358F128-F8E0-4008-8615-85F0F7021F8F}
		{9790A1F8-01A1-4F90-9C2A-26E60A93A447} = {D358F128-F8E0-4008-8615-85F0F7021F8F}
		{E22527A8-49E0-4C0A-A2F4-B01D699AD52B} = {D358F128-F8E0-4008-8615-85F0F7021F8F}
		{04A486C5-F56B-49F1-B599-A946168DE2B9} = {BA04FA36-9601-4A2B-9678-B22C17D513FD}
	EndGlobalSection
EndGlobal
