
Microsoft Visual Studio Solution File, Format Version 12.00
# Visual Studio 15
VisualStudioVersion = 15.0.27703.2000
MinimumVisualStudioVersion = 10.0.40219.1
Project("{2150E333-8FDC-42A3-9474-1A3956D46DE8}") = "src", "src", "{50AD54AC-F186-4287-9E27-C5C221BA60C4}"
EndProject
Project("{2150E333-8FDC-42A3-9474-1A3956D46DE8}") = "Solution Items", "Solution Items", "{C64C1498-66DB-482E-A2D6-4188E7D0B530}"
EndProject
Project("{2150E333-8FDC-42A3-9474-1A3956D46DE8}") = "Modules", "Modules", "{D358F128-F8E0-4008-8615-85F0F7021F8F}"
EndProject
Project("{2150E333-8FDC-42A3-9474-1A3956D46DE8}") = "Core", "Core", "{BA04FA36-9601-4A2B-9678-B22C17D513FD}"
EndProject
Project("{2150E333-8FDC-42A3-9474-1A3956D46DE8}") = "Client", "Client", "{1D6B1202-2498-4A69-9F42-EA74F177E779}"
EndProject
Project("{2150E333-8FDC-42A3-9474-1A3956D46DE8}") = "Tests", "Tests", "{2B695E2A-D42F-461A-86E0-10E44702F27D}"
EndProject
Project("{9A19103F-16F7-4668-BE54-9A1E7A4F7556}") = "Plato", "src\Plato\Plato.csproj", "{1CFC5674-32C1-4401-9406-58EC65ADB07F}"
EndProject
Project("{9A19103F-16F7-4668-BE54-9A1E7A4F7556}") = "Plato.Users", "src\Plato\Modules\Plato.Users\Plato.Users.csproj", "{2E3FD24A-A1EC-4D45-89B8-F367CC28D797}"
EndProject
Project("{9A19103F-16F7-4668-BE54-9A1E7A4F7556}") = "Plato.WebApi", "src\Plato\Modules\Plato.WebApi\Plato.WebApi.csproj", "{0BE6A39A-F553-4450-BE80-DE3B892FAC18}"
EndProject
Project("{9A19103F-16F7-4668-BE54-9A1E7A4F7556}") = "Plato.Core", "src\Plato\Modules\Plato.Core\Plato.Core.csproj", "{41C6ECDE-08C7-4FC1-A81D-0328492D79A2}"
EndProject
Project("{9A19103F-16F7-4668-BE54-9A1E7A4F7556}") = "Plato.SetUp", "src\Plato\Modules\Plato.SetUp\Plato.SetUp.csproj", "{99798295-C4EE-40BD-8646-5B44CCE586C9}"
EndProject
Project("{9A19103F-16F7-4668-BE54-9A1E7A4F7556}") = "Plato.Settings", "src\Plato\Modules\Plato.Settings\Plato.Settings.csproj", "{CEC68C4E-D983-4F55-A15B-7C504F387EB9}"
EndProject
Project("{9A19103F-16F7-4668-BE54-9A1E7A4F7556}") = "Plato.Roles", "src\Plato\Modules\Plato.Roles\Plato.Roles.csproj", "{04E1E04F-C37C-427E-93B8-D02D6B226D04}"
EndProject
Project("{9A19103F-16F7-4668-BE54-9A1E7A4F7556}") = "Plato.Admin", "src\Plato\Modules\Plato.Admin\Plato.Admin.csproj", "{8B29D8BB-3A01-452A-AD26-05C63A9BE33D}"
EndProject
Project("{9A19103F-16F7-4668-BE54-9A1E7A4F7556}") = "Plato.Markdown", "src\Plato\Modules\Plato.Markdown\Plato.Markdown.csproj", "{DBF842C0-8837-487B-90D7-6F1FD74C44D3}"
EndProject
Project("{9A19103F-16F7-4668-BE54-9A1E7A4F7556}") = "Plato.Internal.Modules", "src\Plato.Internal.Modules\Plato.Internal.Modules.csproj", "{B6B9AC5E-8A20-4C26-8353-A03269A96516}"
EndProject
Project("{9A19103F-16F7-4668-BE54-9A1E7A4F7556}") = "Plato.Internal.Cache", "src\Plato.Internal.Cache\Plato.Internal.Cache.csproj", "{46705627-223B-4F34-B13C-6375F0086B6E}"
EndProject
Project("{9A19103F-16F7-4668-BE54-9A1E7A4F7556}") = "Plato.Internal.Data.Schemas", "src\Plato.Internal.Data.Schemas\Plato.Internal.Data.Schemas.csproj", "{C355DB4B-7E9A-4F1A-B504-53EEA9390845}"
EndProject
Project("{9A19103F-16F7-4668-BE54-9A1E7A4F7556}") = "Plato.Internal.Localization", "src\Plato.Internal.Localization\Plato.Internal.Localization.csproj", "{6C6DCE5F-14AC-4943-9D4B-EE4EEBE99F74}"
EndProject
Project("{9A19103F-16F7-4668-BE54-9A1E7A4F7556}") = "Plato.Internal.Data.Migrations", "src\Plato.Internal.Data.Migrations\Plato.Internal.Data.Migrations.csproj", "{0A783812-225F-45AC-88ED-A65C01F32CE2}"
EndProject
Project("{9A19103F-16F7-4668-BE54-9A1E7A4F7556}") = "Plato.Internal.Logging", "src\Plato.Internal.Logging\Plato.Internal.Logging.csproj", "{66D100B8-86CE-431E-9FBE-6C745BAB5DDC}"
EndProject
Project("{9A19103F-16F7-4668-BE54-9A1E7A4F7556}") = "Plato.Internal.Modules.Abstractions", "src\Plato.Internal.Modules.Abstractions\Plato.Internal.Modules.Abstractions.csproj", "{BD065A7E-6C7B-4012-853D-670681B7AB7F}"
EndProject
Project("{9A19103F-16F7-4668-BE54-9A1E7A4F7556}") = "Plato.Internal.Navigation", "src\Plato.Internal.Navigation\Plato.Internal.Navigation.csproj", "{74CC3D1B-5C47-404D-AC8A-0F18958987F5}"
EndProject
Project("{9A19103F-16F7-4668-BE54-9A1E7A4F7556}") = "Plato.Internal.Text", "src\Plato.Internal.Text\Plato.Internal.Text.csproj", "{43A23612-5919-4C5C-9E80-5B1D24F6AAA3}"
EndProject
Project("{9A19103F-16F7-4668-BE54-9A1E7A4F7556}") = "Plato.Internal.Security", "src\Plato.Internal.Security\Plato.Internal.Security.csproj", "{F08977E0-0FD9-4D6E-9709-F4DE5A5E7DC9}"
EndProject
Project("{9A19103F-16F7-4668-BE54-9A1E7A4F7556}") = "Plato.Internal.Theming", "src\Plato.Internal.Theming\Plato.Internal.Theming.csproj", "{97532553-9872-4157-A7B2-D1E63D599A15}"
EndProject
Project("{9A19103F-16F7-4668-BE54-9A1E7A4F7556}") = "Plato.Internal.FileSystem.Abstractions", "src\Plato.Internal.FileSystem.Abstractions\Plato.Internal.FileSystem.Abstractions.csproj", "{E54C70F0-010C-4ECF-91D6-462E19C6BF6A}"
EndProject
Project("{9A19103F-16F7-4668-BE54-9A1E7A4F7556}") = "Plato.Internal.Shell.Abstractions", "src\Plato.Internal.Shell.Abstractions\Plato.Internal.Shell.Abstractions.csproj", "{2096A1D2-B8EA-4852-8D2C-CFE2E88FC94D}"
EndProject
Project("{9A19103F-16F7-4668-BE54-9A1E7A4F7556}") = "Plato.Internal.Stores", "src\Plato.Internal.Stores\Plato.Internal.Stores.csproj", "{74833D26-2D08-4E5E-AB95-70A1EADA4BD0}"
EndProject
Project("{9A19103F-16F7-4668-BE54-9A1E7A4F7556}") = "Plato.Internal.Models", "src\Plato.Internal.Models\Plato.Internal.Models.csproj", "{53F2051D-574B-4703-B147-44CC593409E6}"
EndProject
Project("{9A19103F-16F7-4668-BE54-9A1E7A4F7556}") = "Plato.Internal.Repositories", "src\Plato.Internal.Repositories\Plato.Internal.Repositories.csproj", "{F146383D-6440-404E-B275-907AFAD28627}"
EndProject
Project("{9A19103F-16F7-4668-BE54-9A1E7A4F7556}") = "Plato.Internal.Data.Abstractions", "src\Plato.Internal.Data.Abstractions\Plato.Internal.Data.Abstractions.csproj", "{B2313643-01FE-4B48-B30C-551036A5ADCB}"
EndProject
Project("{9A19103F-16F7-4668-BE54-9A1E7A4F7556}") = "Plato.Internal.Data.Schemas.Abstractions", "src\Plato.Internal.Data.Schemas.Abstractions\Plato.Internal.Data.Schemas.Abstractions.csproj", "{5436439B-E65B-4439-8DD7-BEE395D9FBC1}"
EndProject
Project("{9A19103F-16F7-4668-BE54-9A1E7A4F7556}") = "Plato.Internal.Stores.Abstractions", "src\Plato.Internal.Stores.Abstractions\Plato.Internal.Stores.Abstractions.csproj", "{5F45E50F-CABB-4638-AC1A-331DF2436821}"
EndProject
Project("{9A19103F-16F7-4668-BE54-9A1E7A4F7556}") = "Plato.Internal.Hosting.Web", "src\Plato.Internal.Hosting.Web\Plato.Internal.Hosting.Web.csproj", "{B4AF025E-956F-4DDD-8FC7-4D39DA237570}"
EndProject
Project("{9A19103F-16F7-4668-BE54-9A1E7A4F7556}") = "Plato.Internal.Abstractions", "src\Plato.Internal.Abstractions\Plato.Internal.Abstractions.csproj", "{745B4253-6EB3-4ECA-AD18-E7027A96320E}"
EndProject
Project("{9A19103F-16F7-4668-BE54-9A1E7A4F7556}") = "Plato.Internal.Hosting", "src\Plato.Internal.Hosting\Plato.Internal.Hosting.csproj", "{73889D1F-A765-4E6C-974F-46FE7E5E3B71}"
EndProject
Project("{9A19103F-16F7-4668-BE54-9A1E7A4F7556}") = "Plato.Internal.FileSystem", "src\Plato.Internal.FileSystem\Plato.Internal.FileSystem.csproj", "{617FF198-2347-4D20-AB81-99B0C140BA57}"
EndProject
Project("{9A19103F-16F7-4668-BE54-9A1E7A4F7556}") = "Plato.Internal.Data", "src\Plato.Internal.Data\Plato.Internal.Data.csproj", "{59605598-2D55-4B2E-A3E8-4E4067E295B8}"
EndProject
Project("{9A19103F-16F7-4668-BE54-9A1E7A4F7556}") = "Plato.Internal.Layout", "src\Plato.Internal.Layout\Plato.Internal.Layout.csproj", "{ABEEAFDD-DFB0-4752-99C2-D8CE873279DF}"
EndProject
Project("{9A19103F-16F7-4668-BE54-9A1E7A4F7556}") = "Plato.Internal.Shell", "src\Plato.Internal.Shell\Plato.Internal.Shell.csproj", "{3CD2806D-BEAC-46C0-BDD4-1630B24711B4}"
EndProject
Project("{9A19103F-16F7-4668-BE54-9A1E7A4F7556}") = "Plato.Internal.Yaml", "src\Plato.Internal.Yaml\Plato.Internal.Yaml.csproj", "{BDBCCFA0-D16E-4A42-9821-BF656D02B7DA}"
EndProject
Project("{9A19103F-16F7-4668-BE54-9A1E7A4F7556}") = "Plato.Internal.Features", "src\Plato.Internal.Features\Plato.Internal.Features.csproj", "{3AB5C548-C82D-427B-85BC-076775FD21BA}"
EndProject
Project("{9A19103F-16F7-4668-BE54-9A1E7A4F7556}") = "Plato.Features", "src\Plato\Modules\Plato.Features\Plato.Features.csproj", "{E2A87097-2489-4511-8E4F-E4B97B2B64A0}"
EndProject
Project("{9A19103F-16F7-4668-BE54-9A1E7A4F7556}") = "Plato.Demo", "src\Plato\Modules\Plato.Demo\Plato.Demo.csproj", "{CA7B3B5D-5823-47EC-B848-A49B72BE0591}"
EndProject
Project("{9A19103F-16F7-4668-BE54-9A1E7A4F7556}") = "Plato.Internal.Hosting.Abstractions", "src\Plato.Internal.Hosting.Abstractions\Plato.Internal.Hosting.Abstractions.csproj", "{E41B053D-F8D7-43D5-95BB-3E4174F9F69E}"
EndProject
Project("{9A19103F-16F7-4668-BE54-9A1E7A4F7556}") = "Plato.Users.Social", "src\Plato\Modules\Plato.Users.Social\Plato.Users.Social.csproj", "{735BB258-3160-4282-8644-3CEC2C45E8DB}"
EndProject
Project("{9A19103F-16F7-4668-BE54-9A1E7A4F7556}") = "Plato.Internal.Security.Abstractions", "src\Plato.Internal.Security.Abstractions\Plato.Internal.Security.Abstractions.csproj", "{8E69FF82-2075-44F4-9C13-59E0D7936F77}"
EndProject
Project("{9A19103F-16F7-4668-BE54-9A1E7A4F7556}") = "Plato.Discuss", "src\Plato\Modules\Plato.Discuss\Plato.Discuss.csproj", "{D51A8A9F-EA12-43AE-BBC6-00132057FDAF}"
EndProject
Project("{9A19103F-16F7-4668-BE54-9A1E7A4F7556}") = "Plato.Search", "src\Plato\Modules\Plato.Search\Plato.Search.csproj", "{2C8CE032-0B49-4623-BDF1-5C5F76D52A62}"
EndProject
Project("{9A19103F-16F7-4668-BE54-9A1E7A4F7556}") = "Plato.Internal.Search", "src\Plato.Internal.Search\Plato.Internal.Search.csproj", "{C69366D2-6317-42C9-9F97-441812929DAB}"
EndProject
Project("{9A19103F-16F7-4668-BE54-9A1E7A4F7556}") = "Plato.Internal.Search.Abstractions", "src\Plato.Internal.Search.Abstractions\Plato.Internal.Search.Abstractions.csproj", "{A6D056E1-EA84-47C4-A00C-C702E7A5F02A}"
EndProject
Project("{9A19103F-16F7-4668-BE54-9A1E7A4F7556}") = "Plato.Entities", "src\Plato\Modules\Plato.Entities\Plato.Entities.csproj", "{AEDA1736-E4A2-4260-8DB8-69248A94C302}"
EndProject
Project("{9A19103F-16F7-4668-BE54-9A1E7A4F7556}") = "Plato.Internal.Features.Abstractions", "src\Plato.Internal.Features.Abstractions\Plato.Internal.Features.Abstractions.csproj", "{64815E0A-2FE8-4BA6-AFF0-7316378404D7}"
EndProject
Project("{9A19103F-16F7-4668-BE54-9A1E7A4F7556}") = "Plato.Internal.Assets", "src\Plato.Internal.Assets\Plato.Internal.Assets.csproj", "{30E7F9E0-DF92-47AB-B332-9756DBD2063D}"
EndProject
Project("{9A19103F-16F7-4668-BE54-9A1E7A4F7556}") = "Plato.Theming", "src\Plato\Modules\Plato.Theming\Plato.Theming.csproj", "{DA96A24A-3B31-40A9-9BE5-89D93636AFEF}"
EndProject
Project("{9A19103F-16F7-4668-BE54-9A1E7A4F7556}") = "Plato.Internal.Assets.Abstractions", "src\Plato.Internal.Assets.Abstractions\Plato.Internal.Assets.Abstractions.csproj", "{DDE68A18-C17E-43B8-BE48-6E9B729FAFF2}"
EndProject
Project("{9A19103F-16F7-4668-BE54-9A1E7A4F7556}") = "Plato.Internal.Messaging", "src\Plato.Internal.Messaging\Plato.Internal.Messaging.csproj", "{9A182728-6792-4806-8EC8-DD0B65155EED}"
EndProject
Project("{9A19103F-16F7-4668-BE54-9A1E7A4F7556}") = "Plato.Internal.Messaging.Abstractions", "src\Plato.Internal.Messaging.Abstractions\Plato.Internal.Messaging.Abstractions.csproj", "{70EF9D97-A76A-4CB1-B32D-853FE6033905}"
EndProject
Project("{2150E333-8FDC-42A3-9474-1A3956D46DE8}") = "Diagrams", "Diagrams", "{8B153E39-0276-47B3-B1A9-3A08524BC4B3}"
EndProject
Project("{9A19103F-16F7-4668-BE54-9A1E7A4F7556}") = "Plato.Email", "src\Plato\Modules\Plato.Email\Plato.Email.csproj", "{2BFE16C1-5DB0-4466-BD44-D5A1DA49391A}"
EndProject
Project("{9A19103F-16F7-4668-BE54-9A1E7A4F7556}") = "Plato.Internal.Tasks", "src\Plato.Internal.Tasks\Plato.Internal.Tasks.csproj", "{E14B1C31-D547-44D6-817E-D94024C5B574}"
EndProject
Project("{9A19103F-16F7-4668-BE54-9A1E7A4F7556}") = "Plato.Internal.Tasks.Abstractions", "src\Plato.Internal.Tasks.Abstractions\Plato.Internal.Tasks.Abstractions.csproj", "{5C7F3E58-7D93-4A30-A8C1-4331C516F959}"
EndProject
Project("{9A19103F-16F7-4668-BE54-9A1E7A4F7556}") = "Plato.Follow", "src\Plato\Modules\Plato.Follow\Plato.Follow.csproj", "{04F502F7-4A4F-40AC-B7C7-3886341D8269}"
EndProject
Project("{9A19103F-16F7-4668-BE54-9A1E7A4F7556}") = "Plato.Categories", "src\Plato\Modules\Plato.Categories\Plato.Categories.csproj", "{405CC4C8-A17C-4C2B-9EF8-64601A116F2F}"
EndProject
Project("{9A19103F-16F7-4668-BE54-9A1E7A4F7556}") = "Plato.Discuss.Channels", "src\Plato\Modules\Plato.Discuss.Channels\Plato.Discuss.Channels.csproj", "{25F13F03-8ED0-4B22-AB57-B79CF58672C7}"
EndProject
Project("{9A19103F-16F7-4668-BE54-9A1E7A4F7556}") = "Plato.Internal.Scripting", "src\Plato.Internal.Scripting\Plato.Internal.Scripting.csproj", "{62D4D486-D7AF-4D7C-BC74-93DC204B15E6}"
EndProject
Project("{9A19103F-16F7-4668-BE54-9A1E7A4F7556}") = "Plato.Internal.Scripting.Abstractions", "src\Plato.Internal.Scripting.Abstractions\Plato.Internal.Scripting.Abstractions.csproj", "{6CDAB291-DA45-45D0-B38D-AA604DB59DFA}"
EndProject
Project("{9A19103F-16F7-4668-BE54-9A1E7A4F7556}") = "Plato.Https", "src\Plato\Modules\Plato.Https\Plato.Https.csproj", "{659D71A6-06AF-4D93-B3EB-F89309E36F6F}"
EndProject
Project("{9A19103F-16F7-4668-BE54-9A1E7A4F7556}") = "Plato.Discuss.Follow", "src\Plato\Modules\Plato.Discuss.Follow\Plato.Discuss.Follow.csproj", "{AFA0962D-9124-4FDC-AF20-397971E0D0BB}"
EndProject
Project("{9A19103F-16F7-4668-BE54-9A1E7A4F7556}") = "Plato.Internal.Text.Abstractions", "src\Plato.Internal.Text.Abstractions\Plato.Internal.Text.Abstractions.csproj", "{19F8F4D6-56BF-4BD5-99B5-E52409610FF3}"
EndProject
Project("{9A19103F-16F7-4668-BE54-9A1E7A4F7556}") = "Plato.Labels", "src\Plato\Modules\Plato.Labels\Plato.Labels.csproj", "{08A402DC-25DD-40B2-BE97-58F21C687E2E}"
EndProject
Project("{9A19103F-16F7-4668-BE54-9A1E7A4F7556}") = "Plato.Discuss.Labels", "src\Plato\Modules\Plato.Discuss.Labels\Plato.Discuss.Labels.csproj", "{60C77AFE-1E8F-4CDB-832D-1031B3224CBB}"
EndProject
Project("{9A19103F-16F7-4668-BE54-9A1E7A4F7556}") = "Plato.Media", "src\Plato\Modules\Plato.Media\Plato.Media.csproj", "{6204C9F1-CBE3-4E4C-B879-D9C4B7D6049B}"
EndProject
Project("{9A19103F-16F7-4668-BE54-9A1E7A4F7556}") = "Plato.Internal.Localization.Abstractions", "src\Plato.Internal.Localization.Abstractions\Plato.Internal.Localization.Abstractions.csproj", "{76D41CF3-86FC-4611-9305-08113016F389}"
EndProject
Project("{9A19103F-16F7-4668-BE54-9A1E7A4F7556}") = "Plato.Reactions", "src\Plato\Modules\Plato.Reactions\Plato.Reactions.csproj", "{127FEFC6-2FA2-494F-A7D8-7A00D2A05A93}"
EndProject
Project("{9A19103F-16F7-4668-BE54-9A1E7A4F7556}") = "Plato.Discuss.Moderation", "src\Plato\Modules\Plato.Discuss.Moderation\Plato.Discuss.Moderation.csproj", "{80FF6D6A-8947-463A-AC15-830D90F1813A}"
EndProject
Project("{9A19103F-16F7-4668-BE54-9A1E7A4F7556}") = "Plato.Moderation", "src\Plato\Modules\Plato.Moderation\Plato.Moderation.csproj", "{69D0541A-9795-4635-8F23-6338E57A1E83}"
EndProject
Project("{9A19103F-16F7-4668-BE54-9A1E7A4F7556}") = "Plato.Internal.Cache.Abstractions", "src\Plato.Internal.Cache.Abstractions\Plato.Internal.Cache.Abstractions.csproj", "{C0BF3283-335B-46A8-A7A8-A46BFC7C3141}"
EndProject
Project("{FAE04EC0-301F-11D3-BF4B-00C04F79EFBC}") = "Plato.Internal.Emails.Abstractions", "src\Plato.Internal.Emails.Abstractions\Plato.Internal.Emails.Abstractions.csproj", "{0BB8BFA9-3F72-4B68-B656-C4F681CD9769}"
EndProject
Global
	GlobalSection(SolutionConfigurationPlatforms) = preSolution
		Debug|Any CPU = Debug|Any CPU
		Release|Any CPU = Release|Any CPU
	EndGlobalSection
	GlobalSection(ProjectConfigurationPlatforms) = postSolution
		{1CFC5674-32C1-4401-9406-58EC65ADB07F}.Debug|Any CPU.ActiveCfg = Debug|Any CPU
		{1CFC5674-32C1-4401-9406-58EC65ADB07F}.Debug|Any CPU.Build.0 = Debug|Any CPU
		{1CFC5674-32C1-4401-9406-58EC65ADB07F}.Release|Any CPU.ActiveCfg = Release|Any CPU
		{1CFC5674-32C1-4401-9406-58EC65ADB07F}.Release|Any CPU.Build.0 = Release|Any CPU
		{2E3FD24A-A1EC-4D45-89B8-F367CC28D797}.Debug|Any CPU.ActiveCfg = Debug|Any CPU
		{2E3FD24A-A1EC-4D45-89B8-F367CC28D797}.Debug|Any CPU.Build.0 = Debug|Any CPU
		{2E3FD24A-A1EC-4D45-89B8-F367CC28D797}.Release|Any CPU.ActiveCfg = Release|Any CPU
		{2E3FD24A-A1EC-4D45-89B8-F367CC28D797}.Release|Any CPU.Build.0 = Release|Any CPU
		{0BE6A39A-F553-4450-BE80-DE3B892FAC18}.Debug|Any CPU.ActiveCfg = Debug|Any CPU
		{0BE6A39A-F553-4450-BE80-DE3B892FAC18}.Debug|Any CPU.Build.0 = Debug|Any CPU
		{0BE6A39A-F553-4450-BE80-DE3B892FAC18}.Release|Any CPU.ActiveCfg = Release|Any CPU
		{0BE6A39A-F553-4450-BE80-DE3B892FAC18}.Release|Any CPU.Build.0 = Release|Any CPU
		{41C6ECDE-08C7-4FC1-A81D-0328492D79A2}.Debug|Any CPU.ActiveCfg = Debug|Any CPU
		{41C6ECDE-08C7-4FC1-A81D-0328492D79A2}.Debug|Any CPU.Build.0 = Debug|Any CPU
		{41C6ECDE-08C7-4FC1-A81D-0328492D79A2}.Release|Any CPU.ActiveCfg = Release|Any CPU
		{41C6ECDE-08C7-4FC1-A81D-0328492D79A2}.Release|Any CPU.Build.0 = Release|Any CPU
		{99798295-C4EE-40BD-8646-5B44CCE586C9}.Debug|Any CPU.ActiveCfg = Debug|Any CPU
		{99798295-C4EE-40BD-8646-5B44CCE586C9}.Debug|Any CPU.Build.0 = Debug|Any CPU
		{99798295-C4EE-40BD-8646-5B44CCE586C9}.Release|Any CPU.ActiveCfg = Release|Any CPU
		{99798295-C4EE-40BD-8646-5B44CCE586C9}.Release|Any CPU.Build.0 = Release|Any CPU
		{CEC68C4E-D983-4F55-A15B-7C504F387EB9}.Debug|Any CPU.ActiveCfg = Debug|Any CPU
		{CEC68C4E-D983-4F55-A15B-7C504F387EB9}.Debug|Any CPU.Build.0 = Debug|Any CPU
		{CEC68C4E-D983-4F55-A15B-7C504F387EB9}.Release|Any CPU.ActiveCfg = Release|Any CPU
		{CEC68C4E-D983-4F55-A15B-7C504F387EB9}.Release|Any CPU.Build.0 = Release|Any CPU
		{04E1E04F-C37C-427E-93B8-D02D6B226D04}.Debug|Any CPU.ActiveCfg = Debug|Any CPU
		{04E1E04F-C37C-427E-93B8-D02D6B226D04}.Debug|Any CPU.Build.0 = Debug|Any CPU
		{04E1E04F-C37C-427E-93B8-D02D6B226D04}.Release|Any CPU.ActiveCfg = Release|Any CPU
		{04E1E04F-C37C-427E-93B8-D02D6B226D04}.Release|Any CPU.Build.0 = Release|Any CPU
		{8B29D8BB-3A01-452A-AD26-05C63A9BE33D}.Debug|Any CPU.ActiveCfg = Debug|Any CPU
		{8B29D8BB-3A01-452A-AD26-05C63A9BE33D}.Debug|Any CPU.Build.0 = Debug|Any CPU
		{8B29D8BB-3A01-452A-AD26-05C63A9BE33D}.Release|Any CPU.ActiveCfg = Release|Any CPU
		{8B29D8BB-3A01-452A-AD26-05C63A9BE33D}.Release|Any CPU.Build.0 = Release|Any CPU
		{DBF842C0-8837-487B-90D7-6F1FD74C44D3}.Debug|Any CPU.ActiveCfg = Debug|Any CPU
		{DBF842C0-8837-487B-90D7-6F1FD74C44D3}.Debug|Any CPU.Build.0 = Debug|Any CPU
		{DBF842C0-8837-487B-90D7-6F1FD74C44D3}.Release|Any CPU.ActiveCfg = Release|Any CPU
		{DBF842C0-8837-487B-90D7-6F1FD74C44D3}.Release|Any CPU.Build.0 = Release|Any CPU
		{B6B9AC5E-8A20-4C26-8353-A03269A96516}.Debug|Any CPU.ActiveCfg = Debug|Any CPU
		{B6B9AC5E-8A20-4C26-8353-A03269A96516}.Debug|Any CPU.Build.0 = Debug|Any CPU
		{B6B9AC5E-8A20-4C26-8353-A03269A96516}.Release|Any CPU.ActiveCfg = Release|Any CPU
		{B6B9AC5E-8A20-4C26-8353-A03269A96516}.Release|Any CPU.Build.0 = Release|Any CPU
		{46705627-223B-4F34-B13C-6375F0086B6E}.Debug|Any CPU.ActiveCfg = Debug|Any CPU
		{46705627-223B-4F34-B13C-6375F0086B6E}.Debug|Any CPU.Build.0 = Debug|Any CPU
		{46705627-223B-4F34-B13C-6375F0086B6E}.Release|Any CPU.ActiveCfg = Release|Any CPU
		{46705627-223B-4F34-B13C-6375F0086B6E}.Release|Any CPU.Build.0 = Release|Any CPU
		{C355DB4B-7E9A-4F1A-B504-53EEA9390845}.Debug|Any CPU.ActiveCfg = Debug|Any CPU
		{C355DB4B-7E9A-4F1A-B504-53EEA9390845}.Debug|Any CPU.Build.0 = Debug|Any CPU
		{C355DB4B-7E9A-4F1A-B504-53EEA9390845}.Release|Any CPU.ActiveCfg = Release|Any CPU
		{C355DB4B-7E9A-4F1A-B504-53EEA9390845}.Release|Any CPU.Build.0 = Release|Any CPU
		{6C6DCE5F-14AC-4943-9D4B-EE4EEBE99F74}.Debug|Any CPU.ActiveCfg = Debug|Any CPU
		{6C6DCE5F-14AC-4943-9D4B-EE4EEBE99F74}.Debug|Any CPU.Build.0 = Debug|Any CPU
		{6C6DCE5F-14AC-4943-9D4B-EE4EEBE99F74}.Release|Any CPU.ActiveCfg = Release|Any CPU
		{6C6DCE5F-14AC-4943-9D4B-EE4EEBE99F74}.Release|Any CPU.Build.0 = Release|Any CPU
		{0A783812-225F-45AC-88ED-A65C01F32CE2}.Debug|Any CPU.ActiveCfg = Debug|Any CPU
		{0A783812-225F-45AC-88ED-A65C01F32CE2}.Debug|Any CPU.Build.0 = Debug|Any CPU
		{0A783812-225F-45AC-88ED-A65C01F32CE2}.Release|Any CPU.ActiveCfg = Release|Any CPU
		{0A783812-225F-45AC-88ED-A65C01F32CE2}.Release|Any CPU.Build.0 = Release|Any CPU
		{66D100B8-86CE-431E-9FBE-6C745BAB5DDC}.Debug|Any CPU.ActiveCfg = Debug|Any CPU
		{66D100B8-86CE-431E-9FBE-6C745BAB5DDC}.Debug|Any CPU.Build.0 = Debug|Any CPU
		{66D100B8-86CE-431E-9FBE-6C745BAB5DDC}.Release|Any CPU.ActiveCfg = Release|Any CPU
		{66D100B8-86CE-431E-9FBE-6C745BAB5DDC}.Release|Any CPU.Build.0 = Release|Any CPU
		{BD065A7E-6C7B-4012-853D-670681B7AB7F}.Debug|Any CPU.ActiveCfg = Debug|Any CPU
		{BD065A7E-6C7B-4012-853D-670681B7AB7F}.Debug|Any CPU.Build.0 = Debug|Any CPU
		{BD065A7E-6C7B-4012-853D-670681B7AB7F}.Release|Any CPU.ActiveCfg = Release|Any CPU
		{BD065A7E-6C7B-4012-853D-670681B7AB7F}.Release|Any CPU.Build.0 = Release|Any CPU
		{74CC3D1B-5C47-404D-AC8A-0F18958987F5}.Debug|Any CPU.ActiveCfg = Debug|Any CPU
		{74CC3D1B-5C47-404D-AC8A-0F18958987F5}.Debug|Any CPU.Build.0 = Debug|Any CPU
		{74CC3D1B-5C47-404D-AC8A-0F18958987F5}.Release|Any CPU.ActiveCfg = Release|Any CPU
		{74CC3D1B-5C47-404D-AC8A-0F18958987F5}.Release|Any CPU.Build.0 = Release|Any CPU
		{43A23612-5919-4C5C-9E80-5B1D24F6AAA3}.Debug|Any CPU.ActiveCfg = Debug|Any CPU
		{43A23612-5919-4C5C-9E80-5B1D24F6AAA3}.Debug|Any CPU.Build.0 = Debug|Any CPU
		{43A23612-5919-4C5C-9E80-5B1D24F6AAA3}.Release|Any CPU.ActiveCfg = Release|Any CPU
		{43A23612-5919-4C5C-9E80-5B1D24F6AAA3}.Release|Any CPU.Build.0 = Release|Any CPU
		{F08977E0-0FD9-4D6E-9709-F4DE5A5E7DC9}.Debug|Any CPU.ActiveCfg = Debug|Any CPU
		{F08977E0-0FD9-4D6E-9709-F4DE5A5E7DC9}.Debug|Any CPU.Build.0 = Debug|Any CPU
		{F08977E0-0FD9-4D6E-9709-F4DE5A5E7DC9}.Release|Any CPU.ActiveCfg = Release|Any CPU
		{F08977E0-0FD9-4D6E-9709-F4DE5A5E7DC9}.Release|Any CPU.Build.0 = Release|Any CPU
		{97532553-9872-4157-A7B2-D1E63D599A15}.Debug|Any CPU.ActiveCfg = Debug|Any CPU
		{97532553-9872-4157-A7B2-D1E63D599A15}.Debug|Any CPU.Build.0 = Debug|Any CPU
		{97532553-9872-4157-A7B2-D1E63D599A15}.Release|Any CPU.ActiveCfg = Release|Any CPU
		{97532553-9872-4157-A7B2-D1E63D599A15}.Release|Any CPU.Build.0 = Release|Any CPU
		{E54C70F0-010C-4ECF-91D6-462E19C6BF6A}.Debug|Any CPU.ActiveCfg = Debug|Any CPU
		{E54C70F0-010C-4ECF-91D6-462E19C6BF6A}.Debug|Any CPU.Build.0 = Debug|Any CPU
		{E54C70F0-010C-4ECF-91D6-462E19C6BF6A}.Release|Any CPU.ActiveCfg = Release|Any CPU
		{E54C70F0-010C-4ECF-91D6-462E19C6BF6A}.Release|Any CPU.Build.0 = Release|Any CPU
		{2096A1D2-B8EA-4852-8D2C-CFE2E88FC94D}.Debug|Any CPU.ActiveCfg = Debug|Any CPU
		{2096A1D2-B8EA-4852-8D2C-CFE2E88FC94D}.Debug|Any CPU.Build.0 = Debug|Any CPU
		{2096A1D2-B8EA-4852-8D2C-CFE2E88FC94D}.Release|Any CPU.ActiveCfg = Release|Any CPU
		{2096A1D2-B8EA-4852-8D2C-CFE2E88FC94D}.Release|Any CPU.Build.0 = Release|Any CPU
		{74833D26-2D08-4E5E-AB95-70A1EADA4BD0}.Debug|Any CPU.ActiveCfg = Debug|Any CPU
		{74833D26-2D08-4E5E-AB95-70A1EADA4BD0}.Debug|Any CPU.Build.0 = Debug|Any CPU
		{74833D26-2D08-4E5E-AB95-70A1EADA4BD0}.Release|Any CPU.ActiveCfg = Release|Any CPU
		{74833D26-2D08-4E5E-AB95-70A1EADA4BD0}.Release|Any CPU.Build.0 = Release|Any CPU
		{53F2051D-574B-4703-B147-44CC593409E6}.Debug|Any CPU.ActiveCfg = Debug|Any CPU
		{53F2051D-574B-4703-B147-44CC593409E6}.Debug|Any CPU.Build.0 = Debug|Any CPU
		{53F2051D-574B-4703-B147-44CC593409E6}.Release|Any CPU.ActiveCfg = Release|Any CPU
		{53F2051D-574B-4703-B147-44CC593409E6}.Release|Any CPU.Build.0 = Release|Any CPU
		{F146383D-6440-404E-B275-907AFAD28627}.Debug|Any CPU.ActiveCfg = Debug|Any CPU
		{F146383D-6440-404E-B275-907AFAD28627}.Debug|Any CPU.Build.0 = Debug|Any CPU
		{F146383D-6440-404E-B275-907AFAD28627}.Release|Any CPU.ActiveCfg = Release|Any CPU
		{F146383D-6440-404E-B275-907AFAD28627}.Release|Any CPU.Build.0 = Release|Any CPU
		{B2313643-01FE-4B48-B30C-551036A5ADCB}.Debug|Any CPU.ActiveCfg = Debug|Any CPU
		{B2313643-01FE-4B48-B30C-551036A5ADCB}.Debug|Any CPU.Build.0 = Debug|Any CPU
		{B2313643-01FE-4B48-B30C-551036A5ADCB}.Release|Any CPU.ActiveCfg = Release|Any CPU
		{B2313643-01FE-4B48-B30C-551036A5ADCB}.Release|Any CPU.Build.0 = Release|Any CPU
		{5436439B-E65B-4439-8DD7-BEE395D9FBC1}.Debug|Any CPU.ActiveCfg = Debug|Any CPU
		{5436439B-E65B-4439-8DD7-BEE395D9FBC1}.Debug|Any CPU.Build.0 = Debug|Any CPU
		{5436439B-E65B-4439-8DD7-BEE395D9FBC1}.Release|Any CPU.ActiveCfg = Release|Any CPU
		{5436439B-E65B-4439-8DD7-BEE395D9FBC1}.Release|Any CPU.Build.0 = Release|Any CPU
		{5F45E50F-CABB-4638-AC1A-331DF2436821}.Debug|Any CPU.ActiveCfg = Debug|Any CPU
		{5F45E50F-CABB-4638-AC1A-331DF2436821}.Debug|Any CPU.Build.0 = Debug|Any CPU
		{5F45E50F-CABB-4638-AC1A-331DF2436821}.Release|Any CPU.ActiveCfg = Release|Any CPU
		{5F45E50F-CABB-4638-AC1A-331DF2436821}.Release|Any CPU.Build.0 = Release|Any CPU
		{B4AF025E-956F-4DDD-8FC7-4D39DA237570}.Debug|Any CPU.ActiveCfg = Debug|Any CPU
		{B4AF025E-956F-4DDD-8FC7-4D39DA237570}.Debug|Any CPU.Build.0 = Debug|Any CPU
		{B4AF025E-956F-4DDD-8FC7-4D39DA237570}.Release|Any CPU.ActiveCfg = Release|Any CPU
		{B4AF025E-956F-4DDD-8FC7-4D39DA237570}.Release|Any CPU.Build.0 = Release|Any CPU
		{745B4253-6EB3-4ECA-AD18-E7027A96320E}.Debug|Any CPU.ActiveCfg = Debug|Any CPU
		{745B4253-6EB3-4ECA-AD18-E7027A96320E}.Debug|Any CPU.Build.0 = Debug|Any CPU
		{745B4253-6EB3-4ECA-AD18-E7027A96320E}.Release|Any CPU.ActiveCfg = Release|Any CPU
		{745B4253-6EB3-4ECA-AD18-E7027A96320E}.Release|Any CPU.Build.0 = Release|Any CPU
		{73889D1F-A765-4E6C-974F-46FE7E5E3B71}.Debug|Any CPU.ActiveCfg = Debug|Any CPU
		{73889D1F-A765-4E6C-974F-46FE7E5E3B71}.Debug|Any CPU.Build.0 = Debug|Any CPU
		{73889D1F-A765-4E6C-974F-46FE7E5E3B71}.Release|Any CPU.ActiveCfg = Release|Any CPU
		{73889D1F-A765-4E6C-974F-46FE7E5E3B71}.Release|Any CPU.Build.0 = Release|Any CPU
		{617FF198-2347-4D20-AB81-99B0C140BA57}.Debug|Any CPU.ActiveCfg = Debug|Any CPU
		{617FF198-2347-4D20-AB81-99B0C140BA57}.Debug|Any CPU.Build.0 = Debug|Any CPU
		{617FF198-2347-4D20-AB81-99B0C140BA57}.Release|Any CPU.ActiveCfg = Release|Any CPU
		{617FF198-2347-4D20-AB81-99B0C140BA57}.Release|Any CPU.Build.0 = Release|Any CPU
		{59605598-2D55-4B2E-A3E8-4E4067E295B8}.Debug|Any CPU.ActiveCfg = Debug|Any CPU
		{59605598-2D55-4B2E-A3E8-4E4067E295B8}.Debug|Any CPU.Build.0 = Debug|Any CPU
		{59605598-2D55-4B2E-A3E8-4E4067E295B8}.Release|Any CPU.ActiveCfg = Release|Any CPU
		{59605598-2D55-4B2E-A3E8-4E4067E295B8}.Release|Any CPU.Build.0 = Release|Any CPU
		{ABEEAFDD-DFB0-4752-99C2-D8CE873279DF}.Debug|Any CPU.ActiveCfg = Debug|Any CPU
		{ABEEAFDD-DFB0-4752-99C2-D8CE873279DF}.Debug|Any CPU.Build.0 = Debug|Any CPU
		{ABEEAFDD-DFB0-4752-99C2-D8CE873279DF}.Release|Any CPU.ActiveCfg = Release|Any CPU
		{ABEEAFDD-DFB0-4752-99C2-D8CE873279DF}.Release|Any CPU.Build.0 = Release|Any CPU
		{3CD2806D-BEAC-46C0-BDD4-1630B24711B4}.Debug|Any CPU.ActiveCfg = Debug|Any CPU
		{3CD2806D-BEAC-46C0-BDD4-1630B24711B4}.Debug|Any CPU.Build.0 = Debug|Any CPU
		{3CD2806D-BEAC-46C0-BDD4-1630B24711B4}.Release|Any CPU.ActiveCfg = Release|Any CPU
		{3CD2806D-BEAC-46C0-BDD4-1630B24711B4}.Release|Any CPU.Build.0 = Release|Any CPU
		{BDBCCFA0-D16E-4A42-9821-BF656D02B7DA}.Debug|Any CPU.ActiveCfg = Debug|Any CPU
		{BDBCCFA0-D16E-4A42-9821-BF656D02B7DA}.Debug|Any CPU.Build.0 = Debug|Any CPU
		{BDBCCFA0-D16E-4A42-9821-BF656D02B7DA}.Release|Any CPU.ActiveCfg = Release|Any CPU
		{BDBCCFA0-D16E-4A42-9821-BF656D02B7DA}.Release|Any CPU.Build.0 = Release|Any CPU
		{3AB5C548-C82D-427B-85BC-076775FD21BA}.Debug|Any CPU.ActiveCfg = Debug|Any CPU
		{3AB5C548-C82D-427B-85BC-076775FD21BA}.Debug|Any CPU.Build.0 = Debug|Any CPU
		{3AB5C548-C82D-427B-85BC-076775FD21BA}.Release|Any CPU.ActiveCfg = Release|Any CPU
		{3AB5C548-C82D-427B-85BC-076775FD21BA}.Release|Any CPU.Build.0 = Release|Any CPU
		{E2A87097-2489-4511-8E4F-E4B97B2B64A0}.Debug|Any CPU.ActiveCfg = Debug|Any CPU
		{E2A87097-2489-4511-8E4F-E4B97B2B64A0}.Debug|Any CPU.Build.0 = Debug|Any CPU
		{E2A87097-2489-4511-8E4F-E4B97B2B64A0}.Release|Any CPU.ActiveCfg = Release|Any CPU
		{E2A87097-2489-4511-8E4F-E4B97B2B64A0}.Release|Any CPU.Build.0 = Release|Any CPU
		{CA7B3B5D-5823-47EC-B848-A49B72BE0591}.Debug|Any CPU.ActiveCfg = Debug|Any CPU
		{CA7B3B5D-5823-47EC-B848-A49B72BE0591}.Debug|Any CPU.Build.0 = Debug|Any CPU
		{CA7B3B5D-5823-47EC-B848-A49B72BE0591}.Release|Any CPU.ActiveCfg = Release|Any CPU
		{CA7B3B5D-5823-47EC-B848-A49B72BE0591}.Release|Any CPU.Build.0 = Release|Any CPU
		{E41B053D-F8D7-43D5-95BB-3E4174F9F69E}.Debug|Any CPU.ActiveCfg = Debug|Any CPU
		{E41B053D-F8D7-43D5-95BB-3E4174F9F69E}.Debug|Any CPU.Build.0 = Debug|Any CPU
		{E41B053D-F8D7-43D5-95BB-3E4174F9F69E}.Release|Any CPU.ActiveCfg = Release|Any CPU
		{E41B053D-F8D7-43D5-95BB-3E4174F9F69E}.Release|Any CPU.Build.0 = Release|Any CPU
		{735BB258-3160-4282-8644-3CEC2C45E8DB}.Debug|Any CPU.ActiveCfg = Debug|Any CPU
		{735BB258-3160-4282-8644-3CEC2C45E8DB}.Debug|Any CPU.Build.0 = Debug|Any CPU
		{735BB258-3160-4282-8644-3CEC2C45E8DB}.Release|Any CPU.ActiveCfg = Release|Any CPU
		{735BB258-3160-4282-8644-3CEC2C45E8DB}.Release|Any CPU.Build.0 = Release|Any CPU
		{8E69FF82-2075-44F4-9C13-59E0D7936F77}.Debug|Any CPU.ActiveCfg = Debug|Any CPU
		{8E69FF82-2075-44F4-9C13-59E0D7936F77}.Debug|Any CPU.Build.0 = Debug|Any CPU
		{8E69FF82-2075-44F4-9C13-59E0D7936F77}.Release|Any CPU.ActiveCfg = Release|Any CPU
		{8E69FF82-2075-44F4-9C13-59E0D7936F77}.Release|Any CPU.Build.0 = Release|Any CPU
		{D51A8A9F-EA12-43AE-BBC6-00132057FDAF}.Debug|Any CPU.ActiveCfg = Debug|Any CPU
		{D51A8A9F-EA12-43AE-BBC6-00132057FDAF}.Debug|Any CPU.Build.0 = Debug|Any CPU
		{D51A8A9F-EA12-43AE-BBC6-00132057FDAF}.Release|Any CPU.ActiveCfg = Release|Any CPU
		{D51A8A9F-EA12-43AE-BBC6-00132057FDAF}.Release|Any CPU.Build.0 = Release|Any CPU
		{2C8CE032-0B49-4623-BDF1-5C5F76D52A62}.Debug|Any CPU.ActiveCfg = Debug|Any CPU
		{2C8CE032-0B49-4623-BDF1-5C5F76D52A62}.Debug|Any CPU.Build.0 = Debug|Any CPU
		{2C8CE032-0B49-4623-BDF1-5C5F76D52A62}.Release|Any CPU.ActiveCfg = Release|Any CPU
		{2C8CE032-0B49-4623-BDF1-5C5F76D52A62}.Release|Any CPU.Build.0 = Release|Any CPU
		{C69366D2-6317-42C9-9F97-441812929DAB}.Debug|Any CPU.ActiveCfg = Debug|Any CPU
		{C69366D2-6317-42C9-9F97-441812929DAB}.Debug|Any CPU.Build.0 = Debug|Any CPU
		{C69366D2-6317-42C9-9F97-441812929DAB}.Release|Any CPU.ActiveCfg = Release|Any CPU
		{C69366D2-6317-42C9-9F97-441812929DAB}.Release|Any CPU.Build.0 = Release|Any CPU
		{A6D056E1-EA84-47C4-A00C-C702E7A5F02A}.Debug|Any CPU.ActiveCfg = Debug|Any CPU
		{A6D056E1-EA84-47C4-A00C-C702E7A5F02A}.Debug|Any CPU.Build.0 = Debug|Any CPU
		{A6D056E1-EA84-47C4-A00C-C702E7A5F02A}.Release|Any CPU.ActiveCfg = Release|Any CPU
		{A6D056E1-EA84-47C4-A00C-C702E7A5F02A}.Release|Any CPU.Build.0 = Release|Any CPU
		{AEDA1736-E4A2-4260-8DB8-69248A94C302}.Debug|Any CPU.ActiveCfg = Debug|Any CPU
		{AEDA1736-E4A2-4260-8DB8-69248A94C302}.Debug|Any CPU.Build.0 = Debug|Any CPU
		{AEDA1736-E4A2-4260-8DB8-69248A94C302}.Release|Any CPU.ActiveCfg = Release|Any CPU
		{AEDA1736-E4A2-4260-8DB8-69248A94C302}.Release|Any CPU.Build.0 = Release|Any CPU
		{64815E0A-2FE8-4BA6-AFF0-7316378404D7}.Debug|Any CPU.ActiveCfg = Debug|Any CPU
		{64815E0A-2FE8-4BA6-AFF0-7316378404D7}.Debug|Any CPU.Build.0 = Debug|Any CPU
		{64815E0A-2FE8-4BA6-AFF0-7316378404D7}.Release|Any CPU.ActiveCfg = Release|Any CPU
		{64815E0A-2FE8-4BA6-AFF0-7316378404D7}.Release|Any CPU.Build.0 = Release|Any CPU
		{30E7F9E0-DF92-47AB-B332-9756DBD2063D}.Debug|Any CPU.ActiveCfg = Debug|Any CPU
		{30E7F9E0-DF92-47AB-B332-9756DBD2063D}.Debug|Any CPU.Build.0 = Debug|Any CPU
		{30E7F9E0-DF92-47AB-B332-9756DBD2063D}.Release|Any CPU.ActiveCfg = Release|Any CPU
		{30E7F9E0-DF92-47AB-B332-9756DBD2063D}.Release|Any CPU.Build.0 = Release|Any CPU
		{DA96A24A-3B31-40A9-9BE5-89D93636AFEF}.Debug|Any CPU.ActiveCfg = Debug|Any CPU
		{DA96A24A-3B31-40A9-9BE5-89D93636AFEF}.Debug|Any CPU.Build.0 = Debug|Any CPU
		{DA96A24A-3B31-40A9-9BE5-89D93636AFEF}.Release|Any CPU.ActiveCfg = Release|Any CPU
		{DA96A24A-3B31-40A9-9BE5-89D93636AFEF}.Release|Any CPU.Build.0 = Release|Any CPU
		{DDE68A18-C17E-43B8-BE48-6E9B729FAFF2}.Debug|Any CPU.ActiveCfg = Debug|Any CPU
		{DDE68A18-C17E-43B8-BE48-6E9B729FAFF2}.Debug|Any CPU.Build.0 = Debug|Any CPU
		{DDE68A18-C17E-43B8-BE48-6E9B729FAFF2}.Release|Any CPU.ActiveCfg = Release|Any CPU
		{DDE68A18-C17E-43B8-BE48-6E9B729FAFF2}.Release|Any CPU.Build.0 = Release|Any CPU
		{9A182728-6792-4806-8EC8-DD0B65155EED}.Debug|Any CPU.ActiveCfg = Debug|Any CPU
		{9A182728-6792-4806-8EC8-DD0B65155EED}.Debug|Any CPU.Build.0 = Debug|Any CPU
		{9A182728-6792-4806-8EC8-DD0B65155EED}.Release|Any CPU.ActiveCfg = Release|Any CPU
		{9A182728-6792-4806-8EC8-DD0B65155EED}.Release|Any CPU.Build.0 = Release|Any CPU
		{70EF9D97-A76A-4CB1-B32D-853FE6033905}.Debug|Any CPU.ActiveCfg = Debug|Any CPU
		{70EF9D97-A76A-4CB1-B32D-853FE6033905}.Debug|Any CPU.Build.0 = Debug|Any CPU
		{70EF9D97-A76A-4CB1-B32D-853FE6033905}.Release|Any CPU.ActiveCfg = Release|Any CPU
		{70EF9D97-A76A-4CB1-B32D-853FE6033905}.Release|Any CPU.Build.0 = Release|Any CPU
		{2BFE16C1-5DB0-4466-BD44-D5A1DA49391A}.Debug|Any CPU.ActiveCfg = Debug|Any CPU
		{2BFE16C1-5DB0-4466-BD44-D5A1DA49391A}.Debug|Any CPU.Build.0 = Debug|Any CPU
		{2BFE16C1-5DB0-4466-BD44-D5A1DA49391A}.Release|Any CPU.ActiveCfg = Release|Any CPU
		{2BFE16C1-5DB0-4466-BD44-D5A1DA49391A}.Release|Any CPU.Build.0 = Release|Any CPU
		{E14B1C31-D547-44D6-817E-D94024C5B574}.Debug|Any CPU.ActiveCfg = Debug|Any CPU
		{E14B1C31-D547-44D6-817E-D94024C5B574}.Debug|Any CPU.Build.0 = Debug|Any CPU
		{E14B1C31-D547-44D6-817E-D94024C5B574}.Release|Any CPU.ActiveCfg = Release|Any CPU
		{E14B1C31-D547-44D6-817E-D94024C5B574}.Release|Any CPU.Build.0 = Release|Any CPU
		{5C7F3E58-7D93-4A30-A8C1-4331C516F959}.Debug|Any CPU.ActiveCfg = Debug|Any CPU
		{5C7F3E58-7D93-4A30-A8C1-4331C516F959}.Debug|Any CPU.Build.0 = Debug|Any CPU
		{5C7F3E58-7D93-4A30-A8C1-4331C516F959}.Release|Any CPU.ActiveCfg = Release|Any CPU
		{5C7F3E58-7D93-4A30-A8C1-4331C516F959}.Release|Any CPU.Build.0 = Release|Any CPU
		{04F502F7-4A4F-40AC-B7C7-3886341D8269}.Debug|Any CPU.ActiveCfg = Debug|Any CPU
		{04F502F7-4A4F-40AC-B7C7-3886341D8269}.Debug|Any CPU.Build.0 = Debug|Any CPU
		{04F502F7-4A4F-40AC-B7C7-3886341D8269}.Release|Any CPU.ActiveCfg = Release|Any CPU
		{04F502F7-4A4F-40AC-B7C7-3886341D8269}.Release|Any CPU.Build.0 = Release|Any CPU
		{405CC4C8-A17C-4C2B-9EF8-64601A116F2F}.Debug|Any CPU.ActiveCfg = Debug|Any CPU
		{405CC4C8-A17C-4C2B-9EF8-64601A116F2F}.Debug|Any CPU.Build.0 = Debug|Any CPU
		{405CC4C8-A17C-4C2B-9EF8-64601A116F2F}.Release|Any CPU.ActiveCfg = Release|Any CPU
		{405CC4C8-A17C-4C2B-9EF8-64601A116F2F}.Release|Any CPU.Build.0 = Release|Any CPU
		{25F13F03-8ED0-4B22-AB57-B79CF58672C7}.Debug|Any CPU.ActiveCfg = Debug|Any CPU
		{25F13F03-8ED0-4B22-AB57-B79CF58672C7}.Debug|Any CPU.Build.0 = Debug|Any CPU
		{25F13F03-8ED0-4B22-AB57-B79CF58672C7}.Release|Any CPU.ActiveCfg = Release|Any CPU
		{25F13F03-8ED0-4B22-AB57-B79CF58672C7}.Release|Any CPU.Build.0 = Release|Any CPU
		{62D4D486-D7AF-4D7C-BC74-93DC204B15E6}.Debug|Any CPU.ActiveCfg = Debug|Any CPU
		{62D4D486-D7AF-4D7C-BC74-93DC204B15E6}.Debug|Any CPU.Build.0 = Debug|Any CPU
		{62D4D486-D7AF-4D7C-BC74-93DC204B15E6}.Release|Any CPU.ActiveCfg = Release|Any CPU
		{62D4D486-D7AF-4D7C-BC74-93DC204B15E6}.Release|Any CPU.Build.0 = Release|Any CPU
		{6CDAB291-DA45-45D0-B38D-AA604DB59DFA}.Debug|Any CPU.ActiveCfg = Debug|Any CPU
		{6CDAB291-DA45-45D0-B38D-AA604DB59DFA}.Debug|Any CPU.Build.0 = Debug|Any CPU
		{6CDAB291-DA45-45D0-B38D-AA604DB59DFA}.Release|Any CPU.ActiveCfg = Release|Any CPU
		{6CDAB291-DA45-45D0-B38D-AA604DB59DFA}.Release|Any CPU.Build.0 = Release|Any CPU
		{659D71A6-06AF-4D93-B3EB-F89309E36F6F}.Debug|Any CPU.ActiveCfg = Debug|Any CPU
		{659D71A6-06AF-4D93-B3EB-F89309E36F6F}.Debug|Any CPU.Build.0 = Debug|Any CPU
		{659D71A6-06AF-4D93-B3EB-F89309E36F6F}.Release|Any CPU.ActiveCfg = Release|Any CPU
		{659D71A6-06AF-4D93-B3EB-F89309E36F6F}.Release|Any CPU.Build.0 = Release|Any CPU
		{AFA0962D-9124-4FDC-AF20-397971E0D0BB}.Debug|Any CPU.ActiveCfg = Debug|Any CPU
		{AFA0962D-9124-4FDC-AF20-397971E0D0BB}.Debug|Any CPU.Build.0 = Debug|Any CPU
		{AFA0962D-9124-4FDC-AF20-397971E0D0BB}.Release|Any CPU.ActiveCfg = Release|Any CPU
		{AFA0962D-9124-4FDC-AF20-397971E0D0BB}.Release|Any CPU.Build.0 = Release|Any CPU
		{19F8F4D6-56BF-4BD5-99B5-E52409610FF3}.Debug|Any CPU.ActiveCfg = Debug|Any CPU
		{19F8F4D6-56BF-4BD5-99B5-E52409610FF3}.Debug|Any CPU.Build.0 = Debug|Any CPU
		{19F8F4D6-56BF-4BD5-99B5-E52409610FF3}.Release|Any CPU.ActiveCfg = Release|Any CPU
		{19F8F4D6-56BF-4BD5-99B5-E52409610FF3}.Release|Any CPU.Build.0 = Release|Any CPU
		{08A402DC-25DD-40B2-BE97-58F21C687E2E}.Debug|Any CPU.ActiveCfg = Debug|Any CPU
		{08A402DC-25DD-40B2-BE97-58F21C687E2E}.Debug|Any CPU.Build.0 = Debug|Any CPU
		{08A402DC-25DD-40B2-BE97-58F21C687E2E}.Release|Any CPU.ActiveCfg = Release|Any CPU
		{08A402DC-25DD-40B2-BE97-58F21C687E2E}.Release|Any CPU.Build.0 = Release|Any CPU
		{60C77AFE-1E8F-4CDB-832D-1031B3224CBB}.Debug|Any CPU.ActiveCfg = Debug|Any CPU
		{60C77AFE-1E8F-4CDB-832D-1031B3224CBB}.Debug|Any CPU.Build.0 = Debug|Any CPU
		{60C77AFE-1E8F-4CDB-832D-1031B3224CBB}.Release|Any CPU.ActiveCfg = Release|Any CPU
		{60C77AFE-1E8F-4CDB-832D-1031B3224CBB}.Release|Any CPU.Build.0 = Release|Any CPU
		{6204C9F1-CBE3-4E4C-B879-D9C4B7D6049B}.Debug|Any CPU.ActiveCfg = Debug|Any CPU
		{6204C9F1-CBE3-4E4C-B879-D9C4B7D6049B}.Debug|Any CPU.Build.0 = Debug|Any CPU
		{6204C9F1-CBE3-4E4C-B879-D9C4B7D6049B}.Release|Any CPU.ActiveCfg = Release|Any CPU
		{6204C9F1-CBE3-4E4C-B879-D9C4B7D6049B}.Release|Any CPU.Build.0 = Release|Any CPU
		{76D41CF3-86FC-4611-9305-08113016F389}.Debug|Any CPU.ActiveCfg = Debug|Any CPU
		{76D41CF3-86FC-4611-9305-08113016F389}.Debug|Any CPU.Build.0 = Debug|Any CPU
		{76D41CF3-86FC-4611-9305-08113016F389}.Release|Any CPU.ActiveCfg = Release|Any CPU
		{76D41CF3-86FC-4611-9305-08113016F389}.Release|Any CPU.Build.0 = Release|Any CPU
		{127FEFC6-2FA2-494F-A7D8-7A00D2A05A93}.Debug|Any CPU.ActiveCfg = Debug|Any CPU
		{127FEFC6-2FA2-494F-A7D8-7A00D2A05A93}.Debug|Any CPU.Build.0 = Debug|Any CPU
		{127FEFC6-2FA2-494F-A7D8-7A00D2A05A93}.Release|Any CPU.ActiveCfg = Release|Any CPU
		{127FEFC6-2FA2-494F-A7D8-7A00D2A05A93}.Release|Any CPU.Build.0 = Release|Any CPU
		{80FF6D6A-8947-463A-AC15-830D90F1813A}.Debug|Any CPU.ActiveCfg = Debug|Any CPU
		{80FF6D6A-8947-463A-AC15-830D90F1813A}.Debug|Any CPU.Build.0 = Debug|Any CPU
		{80FF6D6A-8947-463A-AC15-830D90F1813A}.Release|Any CPU.ActiveCfg = Release|Any CPU
		{80FF6D6A-8947-463A-AC15-830D90F1813A}.Release|Any CPU.Build.0 = Release|Any CPU
		{69D0541A-9795-4635-8F23-6338E57A1E83}.Debug|Any CPU.ActiveCfg = Debug|Any CPU
		{69D0541A-9795-4635-8F23-6338E57A1E83}.Debug|Any CPU.Build.0 = Debug|Any CPU
		{69D0541A-9795-4635-8F23-6338E57A1E83}.Release|Any CPU.ActiveCfg = Release|Any CPU
		{69D0541A-9795-4635-8F23-6338E57A1E83}.Release|Any CPU.Build.0 = Release|Any CPU
		{C0BF3283-335B-46A8-A7A8-A46BFC7C3141}.Debug|Any CPU.ActiveCfg = Debug|Any CPU
		{C0BF3283-335B-46A8-A7A8-A46BFC7C3141}.Debug|Any CPU.Build.0 = Debug|Any CPU
		{C0BF3283-335B-46A8-A7A8-A46BFC7C3141}.Release|Any CPU.ActiveCfg = Release|Any CPU
		{C0BF3283-335B-46A8-A7A8-A46BFC7C3141}.Release|Any CPU.Build.0 = Release|Any CPU
		{0BB8BFA9-3F72-4B68-B656-C4F681CD9769}.Debug|Any CPU.ActiveCfg = Debug|Any CPU
		{0BB8BFA9-3F72-4B68-B656-C4F681CD9769}.Debug|Any CPU.Build.0 = Debug|Any CPU
		{0BB8BFA9-3F72-4B68-B656-C4F681CD9769}.Release|Any CPU.ActiveCfg = Release|Any CPU
		{0BB8BFA9-3F72-4B68-B656-C4F681CD9769}.Release|Any CPU.Build.0 = Release|Any CPU
	EndGlobalSection
	GlobalSection(SolutionProperties) = preSolution
		HideSolutionNode = FALSE
	EndGlobalSection
	GlobalSection(NestedProjects) = preSolution
		{50AD54AC-F186-4287-9E27-C5C221BA60C4} = {1D6B1202-2498-4A69-9F42-EA74F177E779}
		{1CFC5674-32C1-4401-9406-58EC65ADB07F} = {50AD54AC-F186-4287-9E27-C5C221BA60C4}
		{2E3FD24A-A1EC-4D45-89B8-F367CC28D797} = {D358F128-F8E0-4008-8615-85F0F7021F8F}
		{0BE6A39A-F553-4450-BE80-DE3B892FAC18} = {D358F128-F8E0-4008-8615-85F0F7021F8F}
		{41C6ECDE-08C7-4FC1-A81D-0328492D79A2} = {D358F128-F8E0-4008-8615-85F0F7021F8F}
		{99798295-C4EE-40BD-8646-5B44CCE586C9} = {D358F128-F8E0-4008-8615-85F0F7021F8F}
		{CEC68C4E-D983-4F55-A15B-7C504F387EB9} = {D358F128-F8E0-4008-8615-85F0F7021F8F}
		{04E1E04F-C37C-427E-93B8-D02D6B226D04} = {D358F128-F8E0-4008-8615-85F0F7021F8F}
		{8B29D8BB-3A01-452A-AD26-05C63A9BE33D} = {D358F128-F8E0-4008-8615-85F0F7021F8F}
		{DBF842C0-8837-487B-90D7-6F1FD74C44D3} = {D358F128-F8E0-4008-8615-85F0F7021F8F}
		{B6B9AC5E-8A20-4C26-8353-A03269A96516} = {BA04FA36-9601-4A2B-9678-B22C17D513FD}
		{46705627-223B-4F34-B13C-6375F0086B6E} = {BA04FA36-9601-4A2B-9678-B22C17D513FD}
		{C355DB4B-7E9A-4F1A-B504-53EEA9390845} = {BA04FA36-9601-4A2B-9678-B22C17D513FD}
		{6C6DCE5F-14AC-4943-9D4B-EE4EEBE99F74} = {BA04FA36-9601-4A2B-9678-B22C17D513FD}
		{0A783812-225F-45AC-88ED-A65C01F32CE2} = {BA04FA36-9601-4A2B-9678-B22C17D513FD}
		{66D100B8-86CE-431E-9FBE-6C745BAB5DDC} = {BA04FA36-9601-4A2B-9678-B22C17D513FD}
		{BD065A7E-6C7B-4012-853D-670681B7AB7F} = {BA04FA36-9601-4A2B-9678-B22C17D513FD}
		{74CC3D1B-5C47-404D-AC8A-0F18958987F5} = {BA04FA36-9601-4A2B-9678-B22C17D513FD}
		{43A23612-5919-4C5C-9E80-5B1D24F6AAA3} = {BA04FA36-9601-4A2B-9678-B22C17D513FD}
		{F08977E0-0FD9-4D6E-9709-F4DE5A5E7DC9} = {BA04FA36-9601-4A2B-9678-B22C17D513FD}
		{97532553-9872-4157-A7B2-D1E63D599A15} = {BA04FA36-9601-4A2B-9678-B22C17D513FD}
		{E54C70F0-010C-4ECF-91D6-462E19C6BF6A} = {BA04FA36-9601-4A2B-9678-B22C17D513FD}
		{2096A1D2-B8EA-4852-8D2C-CFE2E88FC94D} = {BA04FA36-9601-4A2B-9678-B22C17D513FD}
		{74833D26-2D08-4E5E-AB95-70A1EADA4BD0} = {BA04FA36-9601-4A2B-9678-B22C17D513FD}
		{53F2051D-574B-4703-B147-44CC593409E6} = {BA04FA36-9601-4A2B-9678-B22C17D513FD}
		{F146383D-6440-404E-B275-907AFAD28627} = {BA04FA36-9601-4A2B-9678-B22C17D513FD}
		{B2313643-01FE-4B48-B30C-551036A5ADCB} = {BA04FA36-9601-4A2B-9678-B22C17D513FD}
		{5436439B-E65B-4439-8DD7-BEE395D9FBC1} = {BA04FA36-9601-4A2B-9678-B22C17D513FD}
		{5F45E50F-CABB-4638-AC1A-331DF2436821} = {BA04FA36-9601-4A2B-9678-B22C17D513FD}
		{B4AF025E-956F-4DDD-8FC7-4D39DA237570} = {BA04FA36-9601-4A2B-9678-B22C17D513FD}
		{745B4253-6EB3-4ECA-AD18-E7027A96320E} = {BA04FA36-9601-4A2B-9678-B22C17D513FD}
		{73889D1F-A765-4E6C-974F-46FE7E5E3B71} = {BA04FA36-9601-4A2B-9678-B22C17D513FD}
		{617FF198-2347-4D20-AB81-99B0C140BA57} = {BA04FA36-9601-4A2B-9678-B22C17D513FD}
		{59605598-2D55-4B2E-A3E8-4E4067E295B8} = {BA04FA36-9601-4A2B-9678-B22C17D513FD}
		{ABEEAFDD-DFB0-4752-99C2-D8CE873279DF} = {BA04FA36-9601-4A2B-9678-B22C17D513FD}
		{3CD2806D-BEAC-46C0-BDD4-1630B24711B4} = {BA04FA36-9601-4A2B-9678-B22C17D513FD}
		{BDBCCFA0-D16E-4A42-9821-BF656D02B7DA} = {BA04FA36-9601-4A2B-9678-B22C17D513FD}
		{3AB5C548-C82D-427B-85BC-076775FD21BA} = {BA04FA36-9601-4A2B-9678-B22C17D513FD}
		{E2A87097-2489-4511-8E4F-E4B97B2B64A0} = {D358F128-F8E0-4008-8615-85F0F7021F8F}
		{CA7B3B5D-5823-47EC-B848-A49B72BE0591} = {D358F128-F8E0-4008-8615-85F0F7021F8F}
		{E41B053D-F8D7-43D5-95BB-3E4174F9F69E} = {BA04FA36-9601-4A2B-9678-B22C17D513FD}
		{735BB258-3160-4282-8644-3CEC2C45E8DB} = {D358F128-F8E0-4008-8615-85F0F7021F8F}
		{8E69FF82-2075-44F4-9C13-59E0D7936F77} = {BA04FA36-9601-4A2B-9678-B22C17D513FD}
		{D51A8A9F-EA12-43AE-BBC6-00132057FDAF} = {D358F128-F8E0-4008-8615-85F0F7021F8F}
		{2C8CE032-0B49-4623-BDF1-5C5F76D52A62} = {D358F128-F8E0-4008-8615-85F0F7021F8F}
		{C69366D2-6317-42C9-9F97-441812929DAB} = {BA04FA36-9601-4A2B-9678-B22C17D513FD}
		{A6D056E1-EA84-47C4-A00C-C702E7A5F02A} = {BA04FA36-9601-4A2B-9678-B22C17D513FD}
		{AEDA1736-E4A2-4260-8DB8-69248A94C302} = {D358F128-F8E0-4008-8615-85F0F7021F8F}
		{64815E0A-2FE8-4BA6-AFF0-7316378404D7} = {BA04FA36-9601-4A2B-9678-B22C17D513FD}
		{30E7F9E0-DF92-47AB-B332-9756DBD2063D} = {BA04FA36-9601-4A2B-9678-B22C17D513FD}
		{DA96A24A-3B31-40A9-9BE5-89D93636AFEF} = {D358F128-F8E0-4008-8615-85F0F7021F8F}
		{DDE68A18-C17E-43B8-BE48-6E9B729FAFF2} = {BA04FA36-9601-4A2B-9678-B22C17D513FD}
		{9A182728-6792-4806-8EC8-DD0B65155EED} = {BA04FA36-9601-4A2B-9678-B22C17D513FD}
		{70EF9D97-A76A-4CB1-B32D-853FE6033905} = {BA04FA36-9601-4A2B-9678-B22C17D513FD}
		{8B153E39-0276-47B3-B1A9-3A08524BC4B3} = {C64C1498-66DB-482E-A2D6-4188E7D0B530}
		{2BFE16C1-5DB0-4466-BD44-D5A1DA49391A} = {D358F128-F8E0-4008-8615-85F0F7021F8F}
		{E14B1C31-D547-44D6-817E-D94024C5B574} = {BA04FA36-9601-4A2B-9678-B22C17D513FD}
		{5C7F3E58-7D93-4A30-A8C1-4331C516F959} = {BA04FA36-9601-4A2B-9678-B22C17D513FD}
		{04F502F7-4A4F-40AC-B7C7-3886341D8269} = {D358F128-F8E0-4008-8615-85F0F7021F8F}
		{405CC4C8-A17C-4C2B-9EF8-64601A116F2F} = {D358F128-F8E0-4008-8615-85F0F7021F8F}
		{25F13F03-8ED0-4B22-AB57-B79CF58672C7} = {D358F128-F8E0-4008-8615-85F0F7021F8F}
		{62D4D486-D7AF-4D7C-BC74-93DC204B15E6} = {BA04FA36-9601-4A2B-9678-B22C17D513FD}
		{6CDAB291-DA45-45D0-B38D-AA604DB59DFA} = {BA04FA36-9601-4A2B-9678-B22C17D513FD}
		{659D71A6-06AF-4D93-B3EB-F89309E36F6F} = {D358F128-F8E0-4008-8615-85F0F7021F8F}
		{AFA0962D-9124-4FDC-AF20-397971E0D0BB} = {D358F128-F8E0-4008-8615-85F0F7021F8F}
		{19F8F4D6-56BF-4BD5-99B5-E52409610FF3} = {BA04FA36-9601-4A2B-9678-B22C17D513FD}
		{08A402DC-25DD-40B2-BE97-58F21C687E2E} = {D358F128-F8E0-4008-8615-85F0F7021F8F}
		{60C77AFE-1E8F-4CDB-832D-1031B3224CBB} = {D358F128-F8E0-4008-8615-85F0F7021F8F}
		{6204C9F1-CBE3-4E4C-B879-D9C4B7D6049B} = {D358F128-F8E0-4008-8615-85F0F7021F8F}
		{76D41CF3-86FC-4611-9305-08113016F389} = {BA04FA36-9601-4A2B-9678-B22C17D513FD}
		{127FEFC6-2FA2-494F-A7D8-7A00D2A05A93} = {D358F128-F8E0-4008-8615-85F0F7021F8F}
		{80FF6D6A-8947-463A-AC15-830D90F1813A} = {D358F128-F8E0-4008-8615-85F0F7021F8F}
		{69D0541A-9795-4635-8F23-6338E57A1E83} = {D358F128-F8E0-4008-8615-85F0F7021F8F}
		{C0BF3283-335B-46A8-A7A8-A46BFC7C3141} = {BA04FA36-9601-4A2B-9678-B22C17D513FD}
		{0BB8BFA9-3F72-4B68-B656-C4F681CD9769} = {BA04FA36-9601-4A2B-9678-B22C17D513FD}
	EndGlobalSection
	GlobalSection(ExtensibilityGlobals) = postSolution
		SolutionGuid = {7C0D07DC-FF4F-4F46-9D46-263DE79274E9}
	EndGlobalSection
EndGlobal
