
Microsoft Visual Studio Solution File, Format Version 12.00
# Visual Studio 15
VisualStudioVersion = 15.0.27703.2000
MinimumVisualStudioVersion = 10.0.40219.1
Project("{2150E333-8FDC-42A3-9474-1A3956D46DE8}") = "src", "src", "{50AD54AC-F186-4287-9E27-C5C221BA60C4}"
EndProject
Project("{2150E333-8FDC-42A3-9474-1A3956D46DE8}") = "Solution Items", "Solution Items", "{C64C1498-66DB-482E-A2D6-4188E7D0B530}"
EndProject
Project("{2150E333-8FDC-42A3-9474-1A3956D46DE8}") = "Modules", "Modules", "{D358F128-F8E0-4008-8615-85F0F7021F8F}"
EndProject
Project("{2150E333-8FDC-42A3-9474-1A3956D46DE8}") = "Core", "Core", "{BA04FA36-9601-4A2B-9678-B22C17D513FD}"
EndProject
Project("{2150E333-8FDC-42A3-9474-1A3956D46DE8}") = "Client", "Client", "{1D6B1202-2498-4A69-9F42-EA74F177E779}"
EndProject
Project("{2150E333-8FDC-42A3-9474-1A3956D46DE8}") = "Tests", "Tests", "{2B695E2A-D42F-461A-86E0-10E44702F27D}"
EndProject
Project("{9A19103F-16F7-4668-BE54-9A1E7A4F7556}") = "Plato", "src\Plato\Plato.csproj", "{1CFC5674-32C1-4401-9406-58EC65ADB07F}"
EndProject
Project("{9A19103F-16F7-4668-BE54-9A1E7A4F7556}") = "Plato.Layout", "src\Plato.Layout\Plato.Layout.csproj", "{04A486C5-F56B-49F1-B599-A946168DE2B9}"
EndProject
Project("{9A19103F-16F7-4668-BE54-9A1E7A4F7556}") = "Plato.Discussions", "src\Plato\Modules\Plato.Discussions\Plato.Discussions.csproj", "{8BE8CD40-BC3F-46FD-BDD8-CABE1F63E1BE}"
EndProject
Project("{9A19103F-16F7-4668-BE54-9A1E7A4F7556}") = "Plato.Users", "src\Plato\Modules\Plato.Users\Plato.Users.csproj", "{2E3FD24A-A1EC-4D45-89B8-F367CC28D797}"
EndProject
Project("{9A19103F-16F7-4668-BE54-9A1E7A4F7556}") = "Plato.WebApi", "src\Plato\Modules\Plato.WebApi\Plato.WebApi.csproj", "{0BE6A39A-F553-4450-BE80-DE3B892FAC18}"
EndProject
Project("{9A19103F-16F7-4668-BE54-9A1E7A4F7556}") = "Plato.Core", "src\Plato\Modules\Plato.Core\Plato.Core.csproj", "{41C6ECDE-08C7-4FC1-A81D-0328492D79A2}"
EndProject
Project("{9A19103F-16F7-4668-BE54-9A1E7A4F7556}") = "Plato.SetUp", "src\Plato\Modules\Plato.SetUp\Plato.SetUp.csproj", "{99798295-C4EE-40BD-8646-5B44CCE586C9}"
EndProject
Project("{9A19103F-16F7-4668-BE54-9A1E7A4F7556}") = "Plato.Settings", "src\Plato\Modules\Plato.Settings\Plato.Settings.csproj", "{CEC68C4E-D983-4F55-A15B-7C504F387EB9}"
EndProject
Project("{9A19103F-16F7-4668-BE54-9A1E7A4F7556}") = "Plato.Roles", "src\Plato\Modules\Plato.Roles\Plato.Roles.csproj", "{04E1E04F-C37C-427E-93B8-D02D6B226D04}"
EndProject
Project("{9A19103F-16F7-4668-BE54-9A1E7A4F7556}") = "Plato.Admin", "src\Plato\Modules\Plato.Admin\Plato.Admin.csproj", "{8B29D8BB-3A01-452A-AD26-05C63A9BE33D}"
EndProject
Project("{9A19103F-16F7-4668-BE54-9A1E7A4F7556}") = "Plato.Markdown", "src\Plato\Modules\Plato.Markdown\Plato.Markdown.csproj", "{DBF842C0-8837-487B-90D7-6F1FD74C44D3}"
EndProject
Project("{9A19103F-16F7-4668-BE54-9A1E7A4F7556}") = "Plato.Internal.Modules", "src\Plato.Internal.Modules\Plato.Internal.Modules.csproj", "{B6B9AC5E-8A20-4C26-8353-A03269A96516}"
EndProject
Project("{9A19103F-16F7-4668-BE54-9A1E7A4F7556}") = "Plato.Internal.Cache", "src\Plato.Internal.Cache\Plato.Internal.Cache.csproj", "{46705627-223B-4F34-B13C-6375F0086B6E}"
EndProject
Project("{9A19103F-16F7-4668-BE54-9A1E7A4F7556}") = "Plato.Internal.Data.Schemas", "src\Plato.Internal.Data.Schemas\Plato.Internal.Data.Schemas.csproj", "{C355DB4B-7E9A-4F1A-B504-53EEA9390845}"
EndProject
Project("{9A19103F-16F7-4668-BE54-9A1E7A4F7556}") = "Plato.Internal.Localization", "src\Plato.Internal.Localization\Plato.Internal.Localization.csproj", "{6C6DCE5F-14AC-4943-9D4B-EE4EEBE99F74}"
EndProject
Project("{9A19103F-16F7-4668-BE54-9A1E7A4F7556}") = "Plato.Internal.Data.Migrations", "src\Plato.Internal.Data.Migrations\Plato.Internal.Data.Migrations.csproj", "{0A783812-225F-45AC-88ED-A65C01F32CE2}"
EndProject
Project("{9A19103F-16F7-4668-BE54-9A1E7A4F7556}") = "Plato.Internal.Logging", "src\Plato.Internal.Logging\Plato.Internal.Logging.csproj", "{66D100B8-86CE-431E-9FBE-6C745BAB5DDC}"
EndProject
Project("{9A19103F-16F7-4668-BE54-9A1E7A4F7556}") = "Plato.Internal.Modules.Abstractions", "src\Plato.Internal.Modules.Abstractions\Plato.Internal.Modules.Abstractions.csproj", "{BD065A7E-6C7B-4012-853D-670681B7AB7F}"
EndProject
Project("{9A19103F-16F7-4668-BE54-9A1E7A4F7556}") = "Plato.Internal.Navigation", "src\Plato.Internal.Navigation\Plato.Internal.Navigation.csproj", "{74CC3D1B-5C47-404D-AC8A-0F18958987F5}"
EndProject
Project("{9A19103F-16F7-4668-BE54-9A1E7A4F7556}") = "Plato.Internal.Yaml", "src\Plato.Internal.Yaml\Plato.Internal.Yaml.csproj", "{30F34443-7325-4A64-B2FF-28079CE61BFC}"
EndProject
Project("{9A19103F-16F7-4668-BE54-9A1E7A4F7556}") = "Plato.Internal.Text", "src\Plato.Internal.Text\Plato.Internal.Text.csproj", "{43A23612-5919-4C5C-9E80-5B1D24F6AAA3}"
EndProject
Project("{9A19103F-16F7-4668-BE54-9A1E7A4F7556}") = "Plato.Internal.Security", "src\Plato.Internal.Security\Plato.Internal.Security.csproj", "{F08977E0-0FD9-4D6E-9709-F4DE5A5E7DC9}"
EndProject
Project("{9A19103F-16F7-4668-BE54-9A1E7A4F7556}") = "Plato.Internal.Theming", "src\Plato.Internal.Theming\Plato.Internal.Theming.csproj", "{97532553-9872-4157-A7B2-D1E63D599A15}"
EndProject
Project("{9A19103F-16F7-4668-BE54-9A1E7A4F7556}") = "Plato.Internal.FileSystem.Abstractions", "src\Plato.Internal.FileSystem.Abstractions\Plato.Internal.FileSystem.Abstractions.csproj", "{E54C70F0-010C-4ECF-91D6-462E19C6BF6A}"
EndProject
Project("{9A19103F-16F7-4668-BE54-9A1E7A4F7556}") = "Plato.Internal.Shell", "src\Plato.Internal.Shell\Plato.Internal.Shell.csproj", "{96EA3A59-FEFD-4910-96E1-079F904EC696}"
EndProject
Project("{9A19103F-16F7-4668-BE54-9A1E7A4F7556}") = "Plato.Internal.Shell.Abstractions", "src\Plato.Internal.Shell.Abstractions\Plato.Internal.Shell.Abstractions.csproj", "{2096A1D2-B8EA-4852-8D2C-CFE2E88FC94D}"
EndProject
Project("{9A19103F-16F7-4668-BE54-9A1E7A4F7556}") = "Plato.Internal.Stores", "src\Plato.Internal.Stores\Plato.Internal.Stores.csproj", "{74833D26-2D08-4E5E-AB95-70A1EADA4BD0}"
EndProject
Project("{9A19103F-16F7-4668-BE54-9A1E7A4F7556}") = "Plato.Internal.Models", "src\Plato.Internal.Models\Plato.Internal.Models.csproj", "{53F2051D-574B-4703-B147-44CC593409E6}"
EndProject
Project("{9A19103F-16F7-4668-BE54-9A1E7A4F7556}") = "Plato.Internal.Repositories", "src\Plato.Internal.Repositories\Plato.Internal.Repositories.csproj", "{F146383D-6440-404E-B275-907AFAD28627}"
EndProject
Project("{9A19103F-16F7-4668-BE54-9A1E7A4F7556}") = "Plato.Internal.Data.Abstractions", "src\Plato.Internal.Data.Abstractions\Plato.Internal.Data.Abstractions.csproj", "{B2313643-01FE-4B48-B30C-551036A5ADCB}"
EndProject
Project("{9A19103F-16F7-4668-BE54-9A1E7A4F7556}") = "Plato.Internal.Data.Schemas.Abstractions", "src\Plato.Internal.Data.Schemas.Abstractions\Plato.Internal.Data.Schemas.Abstractions.csproj", "{5436439B-E65B-4439-8DD7-BEE395D9FBC1}"
EndProject
Project("{9A19103F-16F7-4668-BE54-9A1E7A4F7556}") = "Plato.Internal.Stores.Abstractions", "src\Plato.Internal.Stores.Abstractions\Plato.Internal.Stores.Abstractions.csproj", "{5F45E50F-CABB-4638-AC1A-331DF2436821}"
EndProject
Project("{9A19103F-16F7-4668-BE54-9A1E7A4F7556}") = "Plato.Internal.Hosting.Web", "src\Plato.Internal.Hosting.Web\Plato.Internal.Hosting.Web.csproj", "{B4AF025E-956F-4DDD-8FC7-4D39DA237570}"
EndProject
Project("{9A19103F-16F7-4668-BE54-9A1E7A4F7556}") = "Plato.Internal.Abstractions", "src\Plato.Internal.Abstractions\Plato.Internal.Abstractions.csproj", "{745B4253-6EB3-4ECA-AD18-E7027A96320E}"
EndProject
Project("{9A19103F-16F7-4668-BE54-9A1E7A4F7556}") = "Plato.Internal.Hosting", "src\Plato.Internal.Hosting\Plato.Internal.Hosting.csproj", "{73889D1F-A765-4E6C-974F-46FE7E5E3B71}"
EndProject
Project("{9A19103F-16F7-4668-BE54-9A1E7A4F7556}") = "Plato.Internal.FileSystem", "src\Plato.Internal.FileSystem\Plato.Internal.FileSystem.csproj", "{617FF198-2347-4D20-AB81-99B0C140BA57}"
EndProject
Project("{9A19103F-16F7-4668-BE54-9A1E7A4F7556}") = "Plato.Internal.Data", "src\Plato.Internal.Data\Plato.Internal.Data.csproj", "{59605598-2D55-4B2E-A3E8-4E4067E295B8}"
EndProject
Global
	GlobalSection(SolutionConfigurationPlatforms) = preSolution
		Debug|Any CPU = Debug|Any CPU
		Release|Any CPU = Release|Any CPU
	EndGlobalSection
	GlobalSection(ProjectConfigurationPlatforms) = postSolution
		{1CFC5674-32C1-4401-9406-58EC65ADB07F}.Debug|Any CPU.ActiveCfg = Debug|Any CPU
		{1CFC5674-32C1-4401-9406-58EC65ADB07F}.Debug|Any CPU.Build.0 = Debug|Any CPU
		{1CFC5674-32C1-4401-9406-58EC65ADB07F}.Release|Any CPU.ActiveCfg = Release|Any CPU
		{1CFC5674-32C1-4401-9406-58EC65ADB07F}.Release|Any CPU.Build.0 = Release|Any CPU
		{04A486C5-F56B-49F1-B599-A946168DE2B9}.Debug|Any CPU.ActiveCfg = Debug|Any CPU
		{04A486C5-F56B-49F1-B599-A946168DE2B9}.Debug|Any CPU.Build.0 = Debug|Any CPU
		{04A486C5-F56B-49F1-B599-A946168DE2B9}.Release|Any CPU.ActiveCfg = Release|Any CPU
		{04A486C5-F56B-49F1-B599-A946168DE2B9}.Release|Any CPU.Build.0 = Release|Any CPU
		{8BE8CD40-BC3F-46FD-BDD8-CABE1F63E1BE}.Debug|Any CPU.ActiveCfg = Debug|Any CPU
		{8BE8CD40-BC3F-46FD-BDD8-CABE1F63E1BE}.Debug|Any CPU.Build.0 = Debug|Any CPU
		{8BE8CD40-BC3F-46FD-BDD8-CABE1F63E1BE}.Release|Any CPU.ActiveCfg = Release|Any CPU
		{8BE8CD40-BC3F-46FD-BDD8-CABE1F63E1BE}.Release|Any CPU.Build.0 = Release|Any CPU
		{2E3FD24A-A1EC-4D45-89B8-F367CC28D797}.Debug|Any CPU.ActiveCfg = Debug|Any CPU
		{2E3FD24A-A1EC-4D45-89B8-F367CC28D797}.Debug|Any CPU.Build.0 = Debug|Any CPU
		{2E3FD24A-A1EC-4D45-89B8-F367CC28D797}.Release|Any CPU.ActiveCfg = Release|Any CPU
		{2E3FD24A-A1EC-4D45-89B8-F367CC28D797}.Release|Any CPU.Build.0 = Release|Any CPU
		{0BE6A39A-F553-4450-BE80-DE3B892FAC18}.Debug|Any CPU.ActiveCfg = Debug|Any CPU
		{0BE6A39A-F553-4450-BE80-DE3B892FAC18}.Debug|Any CPU.Build.0 = Debug|Any CPU
		{0BE6A39A-F553-4450-BE80-DE3B892FAC18}.Release|Any CPU.ActiveCfg = Release|Any CPU
		{0BE6A39A-F553-4450-BE80-DE3B892FAC18}.Release|Any CPU.Build.0 = Release|Any CPU
		{41C6ECDE-08C7-4FC1-A81D-0328492D79A2}.Debug|Any CPU.ActiveCfg = Debug|Any CPU
		{41C6ECDE-08C7-4FC1-A81D-0328492D79A2}.Debug|Any CPU.Build.0 = Debug|Any CPU
		{41C6ECDE-08C7-4FC1-A81D-0328492D79A2}.Release|Any CPU.ActiveCfg = Release|Any CPU
		{41C6ECDE-08C7-4FC1-A81D-0328492D79A2}.Release|Any CPU.Build.0 = Release|Any CPU
		{99798295-C4EE-40BD-8646-5B44CCE586C9}.Debug|Any CPU.ActiveCfg = Debug|Any CPU
		{99798295-C4EE-40BD-8646-5B44CCE586C9}.Debug|Any CPU.Build.0 = Debug|Any CPU
		{99798295-C4EE-40BD-8646-5B44CCE586C9}.Release|Any CPU.ActiveCfg = Release|Any CPU
		{99798295-C4EE-40BD-8646-5B44CCE586C9}.Release|Any CPU.Build.0 = Release|Any CPU
		{CEC68C4E-D983-4F55-A15B-7C504F387EB9}.Debug|Any CPU.ActiveCfg = Debug|Any CPU
		{CEC68C4E-D983-4F55-A15B-7C504F387EB9}.Debug|Any CPU.Build.0 = Debug|Any CPU
		{CEC68C4E-D983-4F55-A15B-7C504F387EB9}.Release|Any CPU.ActiveCfg = Release|Any CPU
		{CEC68C4E-D983-4F55-A15B-7C504F387EB9}.Release|Any CPU.Build.0 = Release|Any CPU
		{04E1E04F-C37C-427E-93B8-D02D6B226D04}.Debug|Any CPU.ActiveCfg = Debug|Any CPU
		{04E1E04F-C37C-427E-93B8-D02D6B226D04}.Debug|Any CPU.Build.0 = Debug|Any CPU
		{04E1E04F-C37C-427E-93B8-D02D6B226D04}.Release|Any CPU.ActiveCfg = Release|Any CPU
		{04E1E04F-C37C-427E-93B8-D02D6B226D04}.Release|Any CPU.Build.0 = Release|Any CPU
		{8B29D8BB-3A01-452A-AD26-05C63A9BE33D}.Debug|Any CPU.ActiveCfg = Debug|Any CPU
		{8B29D8BB-3A01-452A-AD26-05C63A9BE33D}.Debug|Any CPU.Build.0 = Debug|Any CPU
		{8B29D8BB-3A01-452A-AD26-05C63A9BE33D}.Release|Any CPU.ActiveCfg = Release|Any CPU
		{8B29D8BB-3A01-452A-AD26-05C63A9BE33D}.Release|Any CPU.Build.0 = Release|Any CPU
		{DBF842C0-8837-487B-90D7-6F1FD74C44D3}.Debug|Any CPU.ActiveCfg = Debug|Any CPU
		{DBF842C0-8837-487B-90D7-6F1FD74C44D3}.Debug|Any CPU.Build.0 = Debug|Any CPU
		{DBF842C0-8837-487B-90D7-6F1FD74C44D3}.Release|Any CPU.ActiveCfg = Release|Any CPU
		{DBF842C0-8837-487B-90D7-6F1FD74C44D3}.Release|Any CPU.Build.0 = Release|Any CPU
		{B6B9AC5E-8A20-4C26-8353-A03269A96516}.Debug|Any CPU.ActiveCfg = Debug|Any CPU
		{B6B9AC5E-8A20-4C26-8353-A03269A96516}.Debug|Any CPU.Build.0 = Debug|Any CPU
		{B6B9AC5E-8A20-4C26-8353-A03269A96516}.Release|Any CPU.ActiveCfg = Release|Any CPU
		{B6B9AC5E-8A20-4C26-8353-A03269A96516}.Release|Any CPU.Build.0 = Release|Any CPU
		{46705627-223B-4F34-B13C-6375F0086B6E}.Debug|Any CPU.ActiveCfg = Debug|Any CPU
		{46705627-223B-4F34-B13C-6375F0086B6E}.Debug|Any CPU.Build.0 = Debug|Any CPU
		{46705627-223B-4F34-B13C-6375F0086B6E}.Release|Any CPU.ActiveCfg = Release|Any CPU
		{46705627-223B-4F34-B13C-6375F0086B6E}.Release|Any CPU.Build.0 = Release|Any CPU
		{C355DB4B-7E9A-4F1A-B504-53EEA9390845}.Debug|Any CPU.ActiveCfg = Debug|Any CPU
		{C355DB4B-7E9A-4F1A-B504-53EEA9390845}.Debug|Any CPU.Build.0 = Debug|Any CPU
		{C355DB4B-7E9A-4F1A-B504-53EEA9390845}.Release|Any CPU.ActiveCfg = Release|Any CPU
		{C355DB4B-7E9A-4F1A-B504-53EEA9390845}.Release|Any CPU.Build.0 = Release|Any CPU
		{6C6DCE5F-14AC-4943-9D4B-EE4EEBE99F74}.Debug|Any CPU.ActiveCfg = Debug|Any CPU
		{6C6DCE5F-14AC-4943-9D4B-EE4EEBE99F74}.Debug|Any CPU.Build.0 = Debug|Any CPU
		{6C6DCE5F-14AC-4943-9D4B-EE4EEBE99F74}.Release|Any CPU.ActiveCfg = Release|Any CPU
		{6C6DCE5F-14AC-4943-9D4B-EE4EEBE99F74}.Release|Any CPU.Build.0 = Release|Any CPU
		{0A783812-225F-45AC-88ED-A65C01F32CE2}.Debug|Any CPU.ActiveCfg = Debug|Any CPU
		{0A783812-225F-45AC-88ED-A65C01F32CE2}.Debug|Any CPU.Build.0 = Debug|Any CPU
		{0A783812-225F-45AC-88ED-A65C01F32CE2}.Release|Any CPU.ActiveCfg = Release|Any CPU
		{0A783812-225F-45AC-88ED-A65C01F32CE2}.Release|Any CPU.Build.0 = Release|Any CPU
		{66D100B8-86CE-431E-9FBE-6C745BAB5DDC}.Debug|Any CPU.ActiveCfg = Debug|Any CPU
		{66D100B8-86CE-431E-9FBE-6C745BAB5DDC}.Debug|Any CPU.Build.0 = Debug|Any CPU
		{66D100B8-86CE-431E-9FBE-6C745BAB5DDC}.Release|Any CPU.ActiveCfg = Release|Any CPU
		{66D100B8-86CE-431E-9FBE-6C745BAB5DDC}.Release|Any CPU.Build.0 = Release|Any CPU
		{BD065A7E-6C7B-4012-853D-670681B7AB7F}.Debug|Any CPU.ActiveCfg = Debug|Any CPU
		{BD065A7E-6C7B-4012-853D-670681B7AB7F}.Debug|Any CPU.Build.0 = Debug|Any CPU
		{BD065A7E-6C7B-4012-853D-670681B7AB7F}.Release|Any CPU.ActiveCfg = Release|Any CPU
		{BD065A7E-6C7B-4012-853D-670681B7AB7F}.Release|Any CPU.Build.0 = Release|Any CPU
		{74CC3D1B-5C47-404D-AC8A-0F18958987F5}.Debug|Any CPU.ActiveCfg = Debug|Any CPU
		{74CC3D1B-5C47-404D-AC8A-0F18958987F5}.Debug|Any CPU.Build.0 = Debug|Any CPU
		{74CC3D1B-5C47-404D-AC8A-0F18958987F5}.Release|Any CPU.ActiveCfg = Release|Any CPU
		{74CC3D1B-5C47-404D-AC8A-0F18958987F5}.Release|Any CPU.Build.0 = Release|Any CPU
		{30F34443-7325-4A64-B2FF-28079CE61BFC}.Debug|Any CPU.ActiveCfg = Debug|Any CPU
		{30F34443-7325-4A64-B2FF-28079CE61BFC}.Debug|Any CPU.Build.0 = Debug|Any CPU
		{30F34443-7325-4A64-B2FF-28079CE61BFC}.Release|Any CPU.ActiveCfg = Release|Any CPU
		{30F34443-7325-4A64-B2FF-28079CE61BFC}.Release|Any CPU.Build.0 = Release|Any CPU
		{43A23612-5919-4C5C-9E80-5B1D24F6AAA3}.Debug|Any CPU.ActiveCfg = Debug|Any CPU
		{43A23612-5919-4C5C-9E80-5B1D24F6AAA3}.Debug|Any CPU.Build.0 = Debug|Any CPU
		{43A23612-5919-4C5C-9E80-5B1D24F6AAA3}.Release|Any CPU.ActiveCfg = Release|Any CPU
		{43A23612-5919-4C5C-9E80-5B1D24F6AAA3}.Release|Any CPU.Build.0 = Release|Any CPU
		{F08977E0-0FD9-4D6E-9709-F4DE5A5E7DC9}.Debug|Any CPU.ActiveCfg = Debug|Any CPU
		{F08977E0-0FD9-4D6E-9709-F4DE5A5E7DC9}.Debug|Any CPU.Build.0 = Debug|Any CPU
		{F08977E0-0FD9-4D6E-9709-F4DE5A5E7DC9}.Release|Any CPU.ActiveCfg = Release|Any CPU
		{F08977E0-0FD9-4D6E-9709-F4DE5A5E7DC9}.Release|Any CPU.Build.0 = Release|Any CPU
		{97532553-9872-4157-A7B2-D1E63D599A15}.Debug|Any CPU.ActiveCfg = Debug|Any CPU
		{97532553-9872-4157-A7B2-D1E63D599A15}.Debug|Any CPU.Build.0 = Debug|Any CPU
		{97532553-9872-4157-A7B2-D1E63D599A15}.Release|Any CPU.ActiveCfg = Release|Any CPU
		{97532553-9872-4157-A7B2-D1E63D599A15}.Release|Any CPU.Build.0 = Release|Any CPU
		{E54C70F0-010C-4ECF-91D6-462E19C6BF6A}.Debug|Any CPU.ActiveCfg = Debug|Any CPU
		{E54C70F0-010C-4ECF-91D6-462E19C6BF6A}.Debug|Any CPU.Build.0 = Debug|Any CPU
		{E54C70F0-010C-4ECF-91D6-462E19C6BF6A}.Release|Any CPU.ActiveCfg = Release|Any CPU
		{E54C70F0-010C-4ECF-91D6-462E19C6BF6A}.Release|Any CPU.Build.0 = Release|Any CPU
		{96EA3A59-FEFD-4910-96E1-079F904EC696}.Debug|Any CPU.ActiveCfg = Debug|Any CPU
		{96EA3A59-FEFD-4910-96E1-079F904EC696}.Debug|Any CPU.Build.0 = Debug|Any CPU
		{96EA3A59-FEFD-4910-96E1-079F904EC696}.Release|Any CPU.ActiveCfg = Release|Any CPU
		{96EA3A59-FEFD-4910-96E1-079F904EC696}.Release|Any CPU.Build.0 = Release|Any CPU
		{2096A1D2-B8EA-4852-8D2C-CFE2E88FC94D}.Debug|Any CPU.ActiveCfg = Debug|Any CPU
		{2096A1D2-B8EA-4852-8D2C-CFE2E88FC94D}.Debug|Any CPU.Build.0 = Debug|Any CPU
		{2096A1D2-B8EA-4852-8D2C-CFE2E88FC94D}.Release|Any CPU.ActiveCfg = Release|Any CPU
		{2096A1D2-B8EA-4852-8D2C-CFE2E88FC94D}.Release|Any CPU.Build.0 = Release|Any CPU
		{74833D26-2D08-4E5E-AB95-70A1EADA4BD0}.Debug|Any CPU.ActiveCfg = Debug|Any CPU
		{74833D26-2D08-4E5E-AB95-70A1EADA4BD0}.Debug|Any CPU.Build.0 = Debug|Any CPU
		{74833D26-2D08-4E5E-AB95-70A1EADA4BD0}.Release|Any CPU.ActiveCfg = Release|Any CPU
		{74833D26-2D08-4E5E-AB95-70A1EADA4BD0}.Release|Any CPU.Build.0 = Release|Any CPU
		{53F2051D-574B-4703-B147-44CC593409E6}.Debug|Any CPU.ActiveCfg = Debug|Any CPU
		{53F2051D-574B-4703-B147-44CC593409E6}.Debug|Any CPU.Build.0 = Debug|Any CPU
		{53F2051D-574B-4703-B147-44CC593409E6}.Release|Any CPU.ActiveCfg = Release|Any CPU
		{53F2051D-574B-4703-B147-44CC593409E6}.Release|Any CPU.Build.0 = Release|Any CPU
		{F146383D-6440-404E-B275-907AFAD28627}.Debug|Any CPU.ActiveCfg = Debug|Any CPU
		{F146383D-6440-404E-B275-907AFAD28627}.Debug|Any CPU.Build.0 = Debug|Any CPU
		{F146383D-6440-404E-B275-907AFAD28627}.Release|Any CPU.ActiveCfg = Release|Any CPU
		{F146383D-6440-404E-B275-907AFAD28627}.Release|Any CPU.Build.0 = Release|Any CPU
		{B2313643-01FE-4B48-B30C-551036A5ADCB}.Debug|Any CPU.ActiveCfg = Debug|Any CPU
		{B2313643-01FE-4B48-B30C-551036A5ADCB}.Debug|Any CPU.Build.0 = Debug|Any CPU
		{B2313643-01FE-4B48-B30C-551036A5ADCB}.Release|Any CPU.ActiveCfg = Release|Any CPU
		{B2313643-01FE-4B48-B30C-551036A5ADCB}.Release|Any CPU.Build.0 = Release|Any CPU
		{5436439B-E65B-4439-8DD7-BEE395D9FBC1}.Debug|Any CPU.ActiveCfg = Debug|Any CPU
		{5436439B-E65B-4439-8DD7-BEE395D9FBC1}.Debug|Any CPU.Build.0 = Debug|Any CPU
		{5436439B-E65B-4439-8DD7-BEE395D9FBC1}.Release|Any CPU.ActiveCfg = Release|Any CPU
		{5436439B-E65B-4439-8DD7-BEE395D9FBC1}.Release|Any CPU.Build.0 = Release|Any CPU
		{5F45E50F-CABB-4638-AC1A-331DF2436821}.Debug|Any CPU.ActiveCfg = Debug|Any CPU
		{5F45E50F-CABB-4638-AC1A-331DF2436821}.Debug|Any CPU.Build.0 = Debug|Any CPU
		{5F45E50F-CABB-4638-AC1A-331DF2436821}.Release|Any CPU.ActiveCfg = Release|Any CPU
		{5F45E50F-CABB-4638-AC1A-331DF2436821}.Release|Any CPU.Build.0 = Release|Any CPU
		{B4AF025E-956F-4DDD-8FC7-4D39DA237570}.Debug|Any CPU.ActiveCfg = Debug|Any CPU
		{B4AF025E-956F-4DDD-8FC7-4D39DA237570}.Debug|Any CPU.Build.0 = Debug|Any CPU
		{B4AF025E-956F-4DDD-8FC7-4D39DA237570}.Release|Any CPU.ActiveCfg = Release|Any CPU
		{B4AF025E-956F-4DDD-8FC7-4D39DA237570}.Release|Any CPU.Build.0 = Release|Any CPU
		{745B4253-6EB3-4ECA-AD18-E7027A96320E}.Debug|Any CPU.ActiveCfg = Debug|Any CPU
		{745B4253-6EB3-4ECA-AD18-E7027A96320E}.Debug|Any CPU.Build.0 = Debug|Any CPU
		{745B4253-6EB3-4ECA-AD18-E7027A96320E}.Release|Any CPU.ActiveCfg = Release|Any CPU
		{745B4253-6EB3-4ECA-AD18-E7027A96320E}.Release|Any CPU.Build.0 = Release|Any CPU
		{73889D1F-A765-4E6C-974F-46FE7E5E3B71}.Debug|Any CPU.ActiveCfg = Debug|Any CPU
		{73889D1F-A765-4E6C-974F-46FE7E5E3B71}.Debug|Any CPU.Build.0 = Debug|Any CPU
		{73889D1F-A765-4E6C-974F-46FE7E5E3B71}.Release|Any CPU.ActiveCfg = Release|Any CPU
		{73889D1F-A765-4E6C-974F-46FE7E5E3B71}.Release|Any CPU.Build.0 = Release|Any CPU
		{617FF198-2347-4D20-AB81-99B0C140BA57}.Debug|Any CPU.ActiveCfg = Debug|Any CPU
		{617FF198-2347-4D20-AB81-99B0C140BA57}.Debug|Any CPU.Build.0 = Debug|Any CPU
		{617FF198-2347-4D20-AB81-99B0C140BA57}.Release|Any CPU.ActiveCfg = Release|Any CPU
		{617FF198-2347-4D20-AB81-99B0C140BA57}.Release|Any CPU.Build.0 = Release|Any CPU
		{59605598-2D55-4B2E-A3E8-4E4067E295B8}.Debug|Any CPU.ActiveCfg = Debug|Any CPU
		{59605598-2D55-4B2E-A3E8-4E4067E295B8}.Debug|Any CPU.Build.0 = Debug|Any CPU
		{59605598-2D55-4B2E-A3E8-4E4067E295B8}.Release|Any CPU.ActiveCfg = Release|Any CPU
		{59605598-2D55-4B2E-A3E8-4E4067E295B8}.Release|Any CPU.Build.0 = Release|Any CPU
	EndGlobalSection
	GlobalSection(SolutionProperties) = preSolution
		HideSolutionNode = FALSE
	EndGlobalSection
	GlobalSection(NestedProjects) = preSolution
		{50AD54AC-F186-4287-9E27-C5C221BA60C4} = {1D6B1202-2498-4A69-9F42-EA74F177E779}
		{1CFC5674-32C1-4401-9406-58EC65ADB07F} = {50AD54AC-F186-4287-9E27-C5C221BA60C4}
		{04A486C5-F56B-49F1-B599-A946168DE2B9} = {BA04FA36-9601-4A2B-9678-B22C17D513FD}
		{8BE8CD40-BC3F-46FD-BDD8-CABE1F63E1BE} = {D358F128-F8E0-4008-8615-85F0F7021F8F}
		{2E3FD24A-A1EC-4D45-89B8-F367CC28D797} = {D358F128-F8E0-4008-8615-85F0F7021F8F}
		{0BE6A39A-F553-4450-BE80-DE3B892FAC18} = {D358F128-F8E0-4008-8615-85F0F7021F8F}
		{41C6ECDE-08C7-4FC1-A81D-0328492D79A2} = {D358F128-F8E0-4008-8615-85F0F7021F8F}
		{99798295-C4EE-40BD-8646-5B44CCE586C9} = {D358F128-F8E0-4008-8615-85F0F7021F8F}
		{CEC68C4E-D983-4F55-A15B-7C504F387EB9} = {D358F128-F8E0-4008-8615-85F0F7021F8F}
		{04E1E04F-C37C-427E-93B8-D02D6B226D04} = {D358F128-F8E0-4008-8615-85F0F7021F8F}
		{8B29D8BB-3A01-452A-AD26-05C63A9BE33D} = {D358F128-F8E0-4008-8615-85F0F7021F8F}
		{DBF842C0-8837-487B-90D7-6F1FD74C44D3} = {D358F128-F8E0-4008-8615-85F0F7021F8F}
		{B6B9AC5E-8A20-4C26-8353-A03269A96516} = {BA04FA36-9601-4A2B-9678-B22C17D513FD}
		{46705627-223B-4F34-B13C-6375F0086B6E} = {BA04FA36-9601-4A2B-9678-B22C17D513FD}
		{C355DB4B-7E9A-4F1A-B504-53EEA9390845} = {BA04FA36-9601-4A2B-9678-B22C17D513FD}
		{6C6DCE5F-14AC-4943-9D4B-EE4EEBE99F74} = {BA04FA36-9601-4A2B-9678-B22C17D513FD}
		{0A783812-225F-45AC-88ED-A65C01F32CE2} = {BA04FA36-9601-4A2B-9678-B22C17D513FD}
		{66D100B8-86CE-431E-9FBE-6C745BAB5DDC} = {BA04FA36-9601-4A2B-9678-B22C17D513FD}
		{BD065A7E-6C7B-4012-853D-670681B7AB7F} = {BA04FA36-9601-4A2B-9678-B22C17D513FD}
		{74CC3D1B-5C47-404D-AC8A-0F18958987F5} = {BA04FA36-9601-4A2B-9678-B22C17D513FD}
		{30F34443-7325-4A64-B2FF-28079CE61BFC} = {BA04FA36-9601-4A2B-9678-B22C17D513FD}
		{43A23612-5919-4C5C-9E80-5B1D24F6AAA3} = {BA04FA36-9601-4A2B-9678-B22C17D513FD}
		{F08977E0-0FD9-4D6E-9709-F4DE5A5E7DC9} = {BA04FA36-9601-4A2B-9678-B22C17D513FD}
		{97532553-9872-4157-A7B2-D1E63D599A15} = {BA04FA36-9601-4A2B-9678-B22C17D513FD}
		{E54C70F0-010C-4ECF-91D6-462E19C6BF6A} = {BA04FA36-9601-4A2B-9678-B22C17D513FD}
		{96EA3A59-FEFD-4910-96E1-079F904EC696} = {BA04FA36-9601-4A2B-9678-B22C17D513FD}
		{2096A1D2-B8EA-4852-8D2C-CFE2E88FC94D} = {BA04FA36-9601-4A2B-9678-B22C17D513FD}
		{74833D26-2D08-4E5E-AB95-70A1EADA4BD0} = {BA04FA36-9601-4A2B-9678-B22C17D513FD}
		{53F2051D-574B-4703-B147-44CC593409E6} = {BA04FA36-9601-4A2B-9678-B22C17D513FD}
		{F146383D-6440-404E-B275-907AFAD28627} = {BA04FA36-9601-4A2B-9678-B22C17D513FD}
		{B2313643-01FE-4B48-B30C-551036A5ADCB} = {BA04FA36-9601-4A2B-9678-B22C17D513FD}
		{5436439B-E65B-4439-8DD7-BEE395D9FBC1} = {BA04FA36-9601-4A2B-9678-B22C17D513FD}
		{5F45E50F-CABB-4638-AC1A-331DF2436821} = {BA04FA36-9601-4A2B-9678-B22C17D513FD}
		{B4AF025E-956F-4DDD-8FC7-4D39DA237570} = {BA04FA36-9601-4A2B-9678-B22C17D513FD}
		{745B4253-6EB3-4ECA-AD18-E7027A96320E} = {BA04FA36-9601-4A2B-9678-B22C17D513FD}
		{73889D1F-A765-4E6C-974F-46FE7E5E3B71} = {BA04FA36-9601-4A2B-9678-B22C17D513FD}
		{617FF198-2347-4D20-AB81-99B0C140BA57} = {BA04FA36-9601-4A2B-9678-B22C17D513FD}
		{59605598-2D55-4B2E-A3E8-4E4067E295B8} = {BA04FA36-9601-4A2B-9678-B22C17D513FD}
	EndGlobalSection
	GlobalSection(ExtensibilityGlobals) = postSolution
		SolutionGuid = {7C0D07DC-FF4F-4F46-9D46-263DE79274E9}
	EndGlobalSection
EndGlobal
